// !$*UTF8*$!
{
	archiveVersion = 1;
	classes = {
	};
	objectVersion = 46;
	objects = {

/* Begin PBXBuildFile section */
		161C81A21E8E839A008F9AE2 /* route_points.plist in Resources */ = {isa = PBXBuildFile; fileRef = 161C81A11E8E839A008F9AE2 /* route_points.plist */; };
		161C81A51E8E8628008F9AE2 /* MapRoute.m in Sources */ = {isa = PBXBuildFile; fileRef = 161C81A41E8E8628008F9AE2 /* MapRoute.m */; };
		169577F61E8A975F00EAC913 /* main.m in Sources */ = {isa = PBXBuildFile; fileRef = 169577F51E8A975F00EAC913 /* main.m */; };
		169577F91E8A975F00EAC913 /* AppDelegate.m in Sources */ = {isa = PBXBuildFile; fileRef = 169577F81E8A975F00EAC913 /* AppDelegate.m */; };
		169577FC1E8A975F00EAC913 /* ViewController.m in Sources */ = {isa = PBXBuildFile; fileRef = 169577FB1E8A975F00EAC913 /* ViewController.m */; };
		169577FF1E8A975F00EAC913 /* Main.storyboard in Resources */ = {isa = PBXBuildFile; fileRef = 169577FD1E8A975F00EAC913 /* Main.storyboard */; };
		169578011E8A975F00EAC913 /* Assets.xcassets in Resources */ = {isa = PBXBuildFile; fileRef = 169578001E8A975F00EAC913 /* Assets.xcassets */; };
		169578041E8A975F00EAC913 /* LaunchScreen.storyboard in Resources */ = {isa = PBXBuildFile; fileRef = 169578021E8A975F00EAC913 /* LaunchScreen.storyboard */; };
		281D7AA41E8C99FB008EF7E4 /* MapOverlay.m in Sources */ = {isa = PBXBuildFile; fileRef = 281D7AA31E8C99FB008EF7E4 /* MapOverlay.m */; };
		282049631E8BE7A9007F6719 /* building_coordinates.plist in Resources */ = {isa = PBXBuildFile; fileRef = 282049611E8BE7A9007F6719 /* building_coordinates.plist */; };
		282049641E8BE7A9007F6719 /* boundaries.plist in Resources */ = {isa = PBXBuildFile; fileRef = 282049621E8BE7A9007F6719 /* boundaries.plist */; };
		282049671E8BE7DC007F6719 /* MapOverlayView.m in Sources */ = {isa = PBXBuildFile; fileRef = 282049661E8BE7DC007F6719 /* MapOverlayView.m */; };
		2820496A1E8BE7E8007F6719 /* MapKit.framework in Frameworks */ = {isa = PBXBuildFile; fileRef = 282049691E8BE7E8007F6719 /* MapKit.framework */; };
		2820496C1E8BE7EF007F6719 /* CoreLocation.framework in Frameworks */ = {isa = PBXBuildFile; fileRef = 2820496B1E8BE7EF007F6719 /* CoreLocation.framework */; };
		2820496E1E8BE7F8007F6719 /* CoreGraphics.framework in Frameworks */ = {isa = PBXBuildFile; fileRef = 2820496D1E8BE7F8007F6719 /* CoreGraphics.framework */; };
		282049701E8BE7FE007F6719 /* Foundation.framework in Frameworks */ = {isa = PBXBuildFile; fileRef = 2820496F1E8BE7FE007F6719 /* Foundation.framework */; };
		282049751E8BE88A007F6719 /* campus_image.png in Resources */ = {isa = PBXBuildFile; fileRef = 282049741E8BE88A007F6719 /* campus_image.png */; };
		28233D501E8E83C70060BAD9 /* close.png in Resources */ = {isa = PBXBuildFile; fileRef = 28233D4F1E8E83C70060BAD9 /* close.png */; };
		28233D521E8E84600060BAD9 /* info.png in Resources */ = {isa = PBXBuildFile; fileRef = 28233D511E8E84600060BAD9 /* info.png */; };
		28233D541E8E86C90060BAD9 /* campus.png in Resources */ = {isa = PBXBuildFile; fileRef = 28233D531E8E86C90060BAD9 /* campus.png */; };
		287D6AC41E8DE65F00A42BE4 /* map.png in Resources */ = {isa = PBXBuildFile; fileRef = 287D6AC31E8DE65F00A42BE4 /* map.png */; };
		28CB15E21E8CB21400513304 /* Campus.m in Sources */ = {isa = PBXBuildFile; fileRef = 28CB15E11E8CB21400513304 /* Campus.m */; };
		28F076FB1E92754A00B7B7B4 /* Map-Pin.png in Resources */ = {isa = PBXBuildFile; fileRef = 28F076FA1E92754A00B7B7B4 /* Map-Pin.png */; };
/* End PBXBuildFile section */

/* Begin PBXFileReference section */
		161C81A11E8E839A008F9AE2 /* route_points.plist */ = {isa = PBXFileReference; fileEncoding = 4; lastKnownFileType = text.plist.xml; name = route_points.plist; path = ../route_points.plist; sourceTree = "<group>"; };
		161C81A31E8E8628008F9AE2 /* MapRoute.h */ = {isa = PBXFileReference; fileEncoding = 4; lastKnownFileType = sourcecode.c.h; path = MapRoute.h; sourceTree = "<group>"; };
		161C81A41E8E8628008F9AE2 /* MapRoute.m */ = {isa = PBXFileReference; fileEncoding = 4; lastKnownFileType = sourcecode.c.objc; path = MapRoute.m; sourceTree = "<group>"; };
		169577F11E8A975F00EAC913 /* DeerfieldTour.app */ = {isa = PBXFileReference; explicitFileType = wrapper.application; includeInIndex = 0; path = DeerfieldTour.app; sourceTree = BUILT_PRODUCTS_DIR; };
		169577F51E8A975F00EAC913 /* main.m */ = {isa = PBXFileReference; lastKnownFileType = sourcecode.c.objc; path = main.m; sourceTree = "<group>"; };
		169577F71E8A975F00EAC913 /* AppDelegate.h */ = {isa = PBXFileReference; lastKnownFileType = sourcecode.c.h; path = AppDelegate.h; sourceTree = "<group>"; };
		169577F81E8A975F00EAC913 /* AppDelegate.m */ = {isa = PBXFileReference; lastKnownFileType = sourcecode.c.objc; path = AppDelegate.m; sourceTree = "<group>"; };
		169577FA1E8A975F00EAC913 /* ViewController.h */ = {isa = PBXFileReference; lastKnownFileType = sourcecode.c.h; path = ViewController.h; sourceTree = "<group>"; };
		169577FB1E8A975F00EAC913 /* ViewController.m */ = {isa = PBXFileReference; lastKnownFileType = sourcecode.c.objc; path = ViewController.m; sourceTree = "<group>"; };
		169577FE1E8A975F00EAC913 /* Base */ = {isa = PBXFileReference; lastKnownFileType = file.storyboard; name = Base; path = Base.lproj/Main.storyboard; sourceTree = "<group>"; };
		169578001E8A975F00EAC913 /* Assets.xcassets */ = {isa = PBXFileReference; lastKnownFileType = folder.assetcatalog; path = Assets.xcassets; sourceTree = "<group>"; };
		169578031E8A975F00EAC913 /* Base */ = {isa = PBXFileReference; lastKnownFileType = file.storyboard; name = Base; path = Base.lproj/LaunchScreen.storyboard; sourceTree = "<group>"; };
		169578051E8A975F00EAC913 /* Info.plist */ = {isa = PBXFileReference; lastKnownFileType = text.plist.xml; path = Info.plist; sourceTree = "<group>"; };
		281D7AA21E8C99FB008EF7E4 /* MapOverlay.h */ = {isa = PBXFileReference; fileEncoding = 4; lastKnownFileType = sourcecode.c.h; path = MapOverlay.h; sourceTree = "<group>"; };
		281D7AA31E8C99FB008EF7E4 /* MapOverlay.m */ = {isa = PBXFileReference; fileEncoding = 4; lastKnownFileType = sourcecode.c.objc; path = MapOverlay.m; sourceTree = "<group>"; };
		282049611E8BE7A9007F6719 /* building_coordinates.plist */ = {isa = PBXFileReference; fileEncoding = 4; lastKnownFileType = text.plist.xml; path = building_coordinates.plist; sourceTree = "<group>"; };
		282049621E8BE7A9007F6719 /* boundaries.plist */ = {isa = PBXFileReference; fileEncoding = 4; lastKnownFileType = text.plist.xml; path = boundaries.plist; sourceTree = "<group>"; };
		282049651E8BE7DC007F6719 /* MapOverlayView.h */ = {isa = PBXFileReference; fileEncoding = 4; lastKnownFileType = sourcecode.c.h; name = MapOverlayView.h; path = ../MapOverlayView.h; sourceTree = "<group>"; };
		282049661E8BE7DC007F6719 /* MapOverlayView.m */ = {isa = PBXFileReference; fileEncoding = 4; lastKnownFileType = sourcecode.c.objc; name = MapOverlayView.m; path = ../MapOverlayView.m; sourceTree = "<group>"; };
		282049691E8BE7E8007F6719 /* MapKit.framework */ = {isa = PBXFileReference; lastKnownFileType = wrapper.framework; name = MapKit.framework; path = System/Library/Frameworks/MapKit.framework; sourceTree = SDKROOT; };
		2820496B1E8BE7EF007F6719 /* CoreLocation.framework */ = {isa = PBXFileReference; lastKnownFileType = wrapper.framework; name = CoreLocation.framework; path = System/Library/Frameworks/CoreLocation.framework; sourceTree = SDKROOT; };
		2820496D1E8BE7F8007F6719 /* CoreGraphics.framework */ = {isa = PBXFileReference; lastKnownFileType = wrapper.framework; name = CoreGraphics.framework; path = System/Library/Frameworks/CoreGraphics.framework; sourceTree = SDKROOT; };
		2820496F1E8BE7FE007F6719 /* Foundation.framework */ = {isa = PBXFileReference; lastKnownFileType = wrapper.framework; name = Foundation.framework; path = System/Library/Frameworks/Foundation.framework; sourceTree = SDKROOT; };
		282049741E8BE88A007F6719 /* campus_image.png */ = {isa = PBXFileReference; lastKnownFileType = image.png; path = campus_image.png; sourceTree = "<group>"; };
		28233D4F1E8E83C70060BAD9 /* close.png */ = {isa = PBXFileReference; lastKnownFileType = image.png; path = close.png; sourceTree = "<group>"; };
		28233D511E8E84600060BAD9 /* info.png */ = {isa = PBXFileReference; lastKnownFileType = image.png; path = info.png; sourceTree = "<group>"; };
		28233D531E8E86C90060BAD9 /* campus.png */ = {isa = PBXFileReference; lastKnownFileType = image.png; path = campus.png; sourceTree = "<group>"; };
		287D6AC31E8DE65F00A42BE4 /* map.png */ = {isa = PBXFileReference; lastKnownFileType = image.png; path = map.png; sourceTree = "<group>"; };
		28CB15E01E8CB21400513304 /* Campus.h */ = {isa = PBXFileReference; fileEncoding = 4; lastKnownFileType = sourcecode.c.h; path = Campus.h; sourceTree = "<group>"; };
		28CB15E11E8CB21400513304 /* Campus.m */ = {isa = PBXFileReference; fileEncoding = 4; lastKnownFileType = sourcecode.c.objc; path = Campus.m; sourceTree = "<group>"; };
		28F076FA1E92754A00B7B7B4 /* Map-Pin.png */ = {isa = PBXFileReference; lastKnownFileType = image.png; path = "Map-Pin.png"; sourceTree = "<group>"; };
/* End PBXFileReference section */

/* Begin PBXFrameworksBuildPhase section */
		169577EE1E8A975F00EAC913 /* Frameworks */ = {
			isa = PBXFrameworksBuildPhase;
			buildActionMask = 2147483647;
			files = (
				282049701E8BE7FE007F6719 /* Foundation.framework in Frameworks */,
				2820496E1E8BE7F8007F6719 /* CoreGraphics.framework in Frameworks */,
				2820496C1E8BE7EF007F6719 /* CoreLocation.framework in Frameworks */,
				2820496A1E8BE7E8007F6719 /* MapKit.framework in Frameworks */,
			);
			runOnlyForDeploymentPostprocessing = 0;
		};
/* End PBXFrameworksBuildPhase section */

/* Begin PBXGroup section */
		161C81A61E8E8633008F9AE2 /* MapRoute */ = {
			isa = PBXGroup;
			children = (
				161C81A31E8E8628008F9AE2 /* MapRoute.h */,
				161C81A41E8E8628008F9AE2 /* MapRoute.m */,
			);
			name = MapRoute;
			sourceTree = "<group>";
		};
		169577E81E8A975F00EAC913 = {
			isa = PBXGroup;
			children = (
				169577F31E8A975F00EAC913 /* DeerfieldTour */,
				169577F21E8A975F00EAC913 /* Products */,
				282049681E8BE7E8007F6719 /* Frameworks */,
			);
			sourceTree = "<group>";
		};
		169577F21E8A975F00EAC913 /* Products */ = {
			isa = PBXGroup;
			children = (
				169577F11E8A975F00EAC913 /* DeerfieldTour.app */,
			);
			name = Products;
			sourceTree = "<group>";
		};
		169577F31E8A975F00EAC913 /* DeerfieldTour */ = {
			isa = PBXGroup;
			children = (
				161C81A61E8E8633008F9AE2 /* MapRoute */,
				282049711E8BE85F007F6719 /* Map Classes */,
				169577F71E8A975F00EAC913 /* AppDelegate.h */,
				169577F81E8A975F00EAC913 /* AppDelegate.m */,
				169577FA1E8A975F00EAC913 /* ViewController.h */,
				169577FB1E8A975F00EAC913 /* ViewController.m */,
				169577FD1E8A975F00EAC913 /* Main.storyboard */,
				282049761E8BE890007F6719 /* Media */,
				169577F41E8A975F00EAC913 /* Supporting Files */,
			);
			path = DeerfieldTour;
			sourceTree = "<group>";
		};
		169577F41E8A975F00EAC913 /* Supporting Files */ = {
			isa = PBXGroup;
			children = (
				169578001E8A975F00EAC913 /* Assets.xcassets */,
				169578021E8A975F00EAC913 /* LaunchScreen.storyboard */,
				161C81A11E8E839A008F9AE2 /* route_points.plist */,
				169578051E8A975F00EAC913 /* Info.plist */,
				282049611E8BE7A9007F6719 /* building_coordinates.plist */,
				282049621E8BE7A9007F6719 /* boundaries.plist */,
				169577F51E8A975F00EAC913 /* main.m */,
			);
			name = "Supporting Files";
			sourceTree = "<group>";
		};
		282049681E8BE7E8007F6719 /* Frameworks */ = {
			isa = PBXGroup;
			children = (
				2820496F1E8BE7FE007F6719 /* Foundation.framework */,
				2820496D1E8BE7F8007F6719 /* CoreGraphics.framework */,
				2820496B1E8BE7EF007F6719 /* CoreLocation.framework */,
				282049691E8BE7E8007F6719 /* MapKit.framework */,
			);
			name = Frameworks;
			sourceTree = "<group>";
		};
		282049711E8BE85F007F6719 /* Map Classes */ = {
			isa = PBXGroup;
			children = (
				28CB15E01E8CB21400513304 /* Campus.h */,
				28CB15E11E8CB21400513304 /* Campus.m */,
				281D7AA21E8C99FB008EF7E4 /* MapOverlay.h */,
				281D7AA31E8C99FB008EF7E4 /* MapOverlay.m */,
				282049651E8BE7DC007F6719 /* MapOverlayView.h */,
				282049661E8BE7DC007F6719 /* MapOverlayView.m */,
			);
			name = "Map Classes";
			sourceTree = "<group>";
		};
		282049761E8BE890007F6719 /* Media */ = {
			isa = PBXGroup;
			children = (
				28F076FA1E92754A00B7B7B4 /* Map-Pin.png */,
				28233D511E8E84600060BAD9 /* info.png */,
				28233D4F1E8E83C70060BAD9 /* close.png */,
				28233D531E8E86C90060BAD9 /* campus.png */,
				287D6AC31E8DE65F00A42BE4 /* map.png */,
				282049741E8BE88A007F6719 /* campus_image.png */,
			);
			name = Media;
			sourceTree = "<group>";
		};
/* End PBXGroup section */

/* Begin PBXNativeTarget section */
		169577F01E8A975F00EAC913 /* DeerfieldTour */ = {
			isa = PBXNativeTarget;
			buildConfigurationList = 169578081E8A975F00EAC913 /* Build configuration list for PBXNativeTarget "DeerfieldTour" */;
			buildPhases = (
				169577ED1E8A975F00EAC913 /* Sources */,
				169577EE1E8A975F00EAC913 /* Frameworks */,
				169577EF1E8A975F00EAC913 /* Resources */,
			);
			buildRules = (
			);
			dependencies = (
			);
			name = DeerfieldTour;
			productName = DeerfieldTour;
			productReference = 169577F11E8A975F00EAC913 /* DeerfieldTour.app */;
			productType = "com.apple.product-type.application";
		};
/* End PBXNativeTarget section */

/* Begin PBXProject section */
		169577E91E8A975F00EAC913 /* Project object */ = {
			isa = PBXProject;
			attributes = {
				LastUpgradeCheck = 0820;
				ORGANIZATIONNAME = smcavoy19;
				TargetAttributes = {
					169577F01E8A975F00EAC913 = {
						CreatedOnToolsVersion = 8.2.1;
						DevelopmentTeam = 8NZ8K5GNH8;
						ProvisioningStyle = Automatic;
					};
				};
			};
			buildConfigurationList = 169577EC1E8A975F00EAC913 /* Build configuration list for PBXProject "DeerfieldTour" */;
			compatibilityVersion = "Xcode 3.2";
			developmentRegion = English;
			hasScannedForEncodings = 0;
			knownRegions = (
				en,
				Base,
			);
			mainGroup = 169577E81E8A975F00EAC913;
			productRefGroup = 169577F21E8A975F00EAC913 /* Products */;
			projectDirPath = "";
			projectRoot = "";
			targets = (
				169577F01E8A975F00EAC913 /* DeerfieldTour */,
			);
		};
/* End PBXProject section */

/* Begin PBXResourcesBuildPhase section */
		169577EF1E8A975F00EAC913 /* Resources */ = {
			isa = PBXResourcesBuildPhase;
			buildActionMask = 2147483647;
			files = (
				28F076FB1E92754A00B7B7B4 /* Map-Pin.png in Resources */,
				282049631E8BE7A9007F6719 /* building_coordinates.plist in Resources */,
				282049641E8BE7A9007F6719 /* boundaries.plist in Resources */,
				28233D521E8E84600060BAD9 /* info.png in Resources */,
				28233D501E8E83C70060BAD9 /* close.png in Resources */,
				28233D541E8E86C90060BAD9 /* campus.png in Resources */,
				282049751E8BE88A007F6719 /* campus_image.png in Resources */,
				169578041E8A975F00EAC913 /* LaunchScreen.storyboard in Resources */,
				287D6AC41E8DE65F00A42BE4 /* map.png in Resources */,
				169578011E8A975F00EAC913 /* Assets.xcassets in Resources */,
				169577FF1E8A975F00EAC913 /* Main.storyboard in Resources */,
				161C81A21E8E839A008F9AE2 /* route_points.plist in Resources */,
			);
			runOnlyForDeploymentPostprocessing = 0;
		};
/* End PBXResourcesBuildPhase section */

/* Begin PBXSourcesBuildPhase section */
		169577ED1E8A975F00EAC913 /* Sources */ = {
			isa = PBXSourcesBuildPhase;
			buildActionMask = 2147483647;
			files = (
				169577FC1E8A975F00EAC913 /* ViewController.m in Sources */,
				161C81A51E8E8628008F9AE2 /* MapRoute.m in Sources */,
				169577F91E8A975F00EAC913 /* AppDelegate.m in Sources */,
				281D7AA41E8C99FB008EF7E4 /* MapOverlay.m in Sources */,
				28CB15E21E8CB21400513304 /* Campus.m in Sources */,
				169577F61E8A975F00EAC913 /* main.m in Sources */,
				282049671E8BE7DC007F6719 /* MapOverlayView.m in Sources */,
			);
			runOnlyForDeploymentPostprocessing = 0;
		};
/* End PBXSourcesBuildPhase section */

/* Begin PBXVariantGroup section */
		169577FD1E8A975F00EAC913 /* Main.storyboard */ = {
			isa = PBXVariantGroup;
			children = (
				169577FE1E8A975F00EAC913 /* Base */,
			);
			name = Main.storyboard;
			sourceTree = "<group>";
		};
		169578021E8A975F00EAC913 /* LaunchScreen.storyboard */ = {
			isa = PBXVariantGroup;
			children = (
				169578031E8A975F00EAC913 /* Base */,
			);
			name = LaunchScreen.storyboard;
			sourceTree = "<group>";
		};
/* End PBXVariantGroup section */

/* Begin XCBuildConfiguration section */
		169578061E8A975F00EAC913 /* Debug */ = {
			isa = XCBuildConfiguration;
			buildSettings = {
				ALWAYS_SEARCH_USER_PATHS = NO;
				CLANG_ANALYZER_NONNULL = YES;
				CLANG_CXX_LANGUAGE_STANDARD = "gnu++0x";
				CLANG_CXX_LIBRARY = "libc++";
				CLANG_ENABLE_MODULES = YES;
				CLANG_ENABLE_OBJC_ARC = YES;
				CLANG_WARN_BOOL_CONVERSION = YES;
				CLANG_WARN_CONSTANT_CONVERSION = YES;
				CLANG_WARN_DIRECT_OBJC_ISA_USAGE = YES_ERROR;
				CLANG_WARN_DOCUMENTATION_COMMENTS = YES;
				CLANG_WARN_EMPTY_BODY = YES;
				CLANG_WARN_ENUM_CONVERSION = YES;
				CLANG_WARN_INFINITE_RECURSION = YES;
				CLANG_WARN_INT_CONVERSION = YES;
				CLANG_WARN_OBJC_ROOT_CLASS = YES_ERROR;
				CLANG_WARN_SUSPICIOUS_MOVE = YES;
				CLANG_WARN_UNREACHABLE_CODE = YES;
				CLANG_WARN__DUPLICATE_METHOD_MATCH = YES;
				"CODE_SIGN_IDENTITY[sdk=iphoneos*]" = "iPhone Developer";
				COPY_PHASE_STRIP = NO;
				DEBUG_INFORMATION_FORMAT = dwarf;
				ENABLE_STRICT_OBJC_MSGSEND = YES;
				ENABLE_TESTABILITY = YES;
				GCC_C_LANGUAGE_STANDARD = gnu99;
				GCC_DYNAMIC_NO_PIC = NO;
				GCC_NO_COMMON_BLOCKS = YES;
				GCC_OPTIMIZATION_LEVEL = 0;
				GCC_PREPROCESSOR_DEFINITIONS = (
					"DEBUG=1",
					"$(inherited)",
				);
				GCC_WARN_64_TO_32_BIT_CONVERSION = YES;
				GCC_WARN_ABOUT_RETURN_TYPE = YES_ERROR;
				GCC_WARN_UNDECLARED_SELECTOR = YES;
				GCC_WARN_UNINITIALIZED_AUTOS = YES_AGGRESSIVE;
				GCC_WARN_UNUSED_FUNCTION = YES;
				GCC_WARN_UNUSED_VARIABLE = YES;
				IPHONEOS_DEPLOYMENT_TARGET = 10.2;
				MTL_ENABLE_DEBUG_INFO = YES;
				ONLY_ACTIVE_ARCH = YES;
				SDKROOT = iphoneos;
			};
			name = Debug;
		};
		169578071E8A975F00EAC913 /* Release */ = {
			isa = XCBuildConfiguration;
			buildSettings = {
				ALWAYS_SEARCH_USER_PATHS = NO;
				CLANG_ANALYZER_NONNULL = YES;
				CLANG_CXX_LANGUAGE_STANDARD = "gnu++0x";
				CLANG_CXX_LIBRARY = "libc++";
				CLANG_ENABLE_MODULES = YES;
				CLANG_ENABLE_OBJC_ARC = YES;
				CLANG_WARN_BOOL_CONVERSION = YES;
				CLANG_WARN_CONSTANT_CONVERSION = YES;
				CLANG_WARN_DIRECT_OBJC_ISA_USAGE = YES_ERROR;
				CLANG_WARN_DOCUMENTATION_COMMENTS = YES;
				CLANG_WARN_EMPTY_BODY = YES;
				CLANG_WARN_ENUM_CONVERSION = YES;
				CLANG_WARN_INFINITE_RECURSION = YES;
				CLANG_WARN_INT_CONVERSION = YES;
				CLANG_WARN_OBJC_ROOT_CLASS = YES_ERROR;
				CLANG_WARN_SUSPICIOUS_MOVE = YES;
				CLANG_WARN_UNREACHABLE_CODE = YES;
				CLANG_WARN__DUPLICATE_METHOD_MATCH = YES;
				"CODE_SIGN_IDENTITY[sdk=iphoneos*]" = "iPhone Developer";
				COPY_PHASE_STRIP = NO;
				DEBUG_INFORMATION_FORMAT = "dwarf-with-dsym";
				ENABLE_NS_ASSERTIONS = NO;
				ENABLE_STRICT_OBJC_MSGSEND = YES;
				GCC_C_LANGUAGE_STANDARD = gnu99;
				GCC_NO_COMMON_BLOCKS = YES;
				GCC_WARN_64_TO_32_BIT_CONVERSION = YES;
				GCC_WARN_ABOUT_RETURN_TYPE = YES_ERROR;
				GCC_WARN_UNDECLARED_SELECTOR = YES;
				GCC_WARN_UNINITIALIZED_AUTOS = YES_AGGRESSIVE;
				GCC_WARN_UNUSED_FUNCTION = YES;
				GCC_WARN_UNUSED_VARIABLE = YES;
				IPHONEOS_DEPLOYMENT_TARGET = 10.2;
				MTL_ENABLE_DEBUG_INFO = NO;
				SDKROOT = iphoneos;
				VALIDATE_PRODUCT = YES;
			};
			name = Release;
		};
		169578091E8A975F00EAC913 /* Debug */ = {
			isa = XCBuildConfiguration;
			buildSettings = {
				ASSETCATALOG_COMPILER_APPICON_NAME = AppIcon;
				DEVELOPMENT_TEAM = 8NZ8K5GNH8;
				INFOPLIST_FILE = DeerfieldTour/Info.plist;
				LD_RUNPATH_SEARCH_PATHS = "$(inherited) @executable_path/Frameworks";
				PRODUCT_BUNDLE_IDENTIFIER = com.DeerfieldTour;
				PRODUCT_NAME = "$(TARGET_NAME)";
			};
			name = Debug;
		};
		1695780A1E8A975F00EAC913 /* Release */ = {
			isa = XCBuildConfiguration;
			buildSettings = {
				ASSETCATALOG_COMPILER_APPICON_NAME = AppIcon;
				DEVELOPMENT_TEAM = 8NZ8K5GNH8;
				INFOPLIST_FILE = DeerfieldTour/Info.plist;
				LD_RUNPATH_SEARCH_PATHS = "$(inherited) @executable_path/Frameworks";
				PRODUCT_BUNDLE_IDENTIFIER = com.DeerfieldTour;
				PRODUCT_NAME = "$(TARGET_NAME)";
			};
			name = Release;
		};
/* End XCBuildConfiguration section */

/* Begin XCConfigurationList section */
		169577EC1E8A975F00EAC913 /* Build configuration list for PBXProject "DeerfieldTour" */ = {
			isa = XCConfigurationList;
			buildConfigurations = (
				169578061E8A975F00EAC913 /* Debug */,
				169578071E8A975F00EAC913 /* Release */,
			);
			defaultConfigurationIsVisible = 0;
			defaultConfigurationName = Release;
		};
		169578081E8A975F00EAC913 /* Build configuration list for PBXNativeTarget "DeerfieldTour" */ = {
			isa = XCConfigurationList;
			buildConfigurations = (
				169578091E8A975F00EAC913 /* Debug */,
				1695780A1E8A975F00EAC913 /* Release */,
			);
			defaultConfigurationIsVisible = 0;
			defaultConfigurationName = Release;
		};
/* End XCConfigurationList section */
	};
	rootObject = 169577E91E8A975F00EAC913 /* Project object */;
}
