// !$*UTF8*$!
{
	archiveVersion = 1;
	classes = {
	};
	objectVersion = 46;
	objects = {

/* Begin PBXBuildFile section */
		161C81A21E8E839A008F9AE2 /* route_points.plist in Resources */ = {isa = PBXBuildFile; fileRef = 161C81A11E8E839A008F9AE2 /* route_points.plist */; };
		161C81A51E8E8628008F9AE2 /* MapRoute.m in Sources */ = {isa = PBXBuildFile; fileRef = 161C81A41E8E8628008F9AE2 /* MapRoute.m */; };
		1631E8751EAD92200018AAED /* Athletic Fields.png in Resources */ = {isa = PBXBuildFile; fileRef = 1631E8721EAD92200018AAED /* Athletic Fields.png */; };
		1631E8781EAD92A60018AAED /* Arms Building.png in Resources */ = {isa = PBXBuildFile; fileRef = 1631E8771EAD92A60018AAED /* Arms Building.png */; };
		1631E87A1EAD92E80018AAED /* The Boyden Library.png in Resources */ = {isa = PBXBuildFile; fileRef = 1631E8791EAD92E80018AAED /* The Boyden Library.png */; };
		167592821EA64577008EE831 /* Main School Building.png in Resources */ = {isa = PBXBuildFile; fileRef = 167592811EA64577008EE831 /* Main School Building.png */; };
		167592841EA645FE008EE831 /* The Koch Center.png in Resources */ = {isa = PBXBuildFile; fileRef = 167592831EA645FE008EE831 /* The Koch Center.png */; };
		167592861EA6477C008EE831 /* Hess Center for the Arts.png in Resources */ = {isa = PBXBuildFile; fileRef = 167592851EA6477C008EE831 /* Hess Center for the Arts.png */; };
		167592881EA79282008EE831 /* Athletic Center.png in Resources */ = {isa = PBXBuildFile; fileRef = 167592871EA79282008EE831 /* Athletic Center.png */; };
		1675928C1EA797EF008EE831 /* Dining Hall.png in Resources */ = {isa = PBXBuildFile; fileRef = 1675928B1EA797EF008EE831 /* Dining Hall.png */; };
		169577F61E8A975F00EAC913 /* main.m in Sources */ = {isa = PBXBuildFile; fileRef = 169577F51E8A975F00EAC913 /* main.m */; };
		169577F91E8A975F00EAC913 /* AppDelegate.m in Sources */ = {isa = PBXBuildFile; fileRef = 169577F81E8A975F00EAC913 /* AppDelegate.m */; };
		169577FC1E8A975F00EAC913 /* ViewController.m in Sources */ = {isa = PBXBuildFile; fileRef = 169577FB1E8A975F00EAC913 /* ViewController.m */; };
		169577FF1E8A975F00EAC913 /* Main.storyboard in Resources */ = {isa = PBXBuildFile; fileRef = 169577FD1E8A975F00EAC913 /* Main.storyboard */; };
		169578011E8A975F00EAC913 /* Assets.xcassets in Resources */ = {isa = PBXBuildFile; fileRef = 169578001E8A975F00EAC913 /* Assets.xcassets */; };
		169578041E8A975F00EAC913 /* LaunchScreen.storyboard in Resources */ = {isa = PBXBuildFile; fileRef = 169578021E8A975F00EAC913 /* LaunchScreen.storyboard */; };
		16C51F3C1EA0FEBB00EF3913 /* DescriptionViewController.m in Sources */ = {isa = PBXBuildFile; fileRef = 16C51F3B1EA0FEBB00EF3913 /* DescriptionViewController.m */; };
		16C51F3E1EA1BFD100EF3913 /* building_summaries.plist in Resources */ = {isa = PBXBuildFile; fileRef = 16C51F3D1EA1BFD100EF3913 /* building_summaries.plist */; };
		280539D61E93ECE000F0A18D /* map copy.png in Resources */ = {isa = PBXBuildFile; fileRef = 280539D51E93ECE000F0A18D /* map copy.png */; };
		280539DB1E93EE0800F0A18D /* BuildingAnnotationView.m in Sources */ = {isa = PBXBuildFile; fileRef = 280539D81E93EE0800F0A18D /* BuildingAnnotationView.m */; };
		280539DC1E93EE0800F0A18D /* BuildingAnnotation.m in Sources */ = {isa = PBXBuildFile; fileRef = 280539DA1E93EE0800F0A18D /* BuildingAnnotation.m */; };
		281D7AA41E8C99FB008EF7E4 /* MapOverlay.m in Sources */ = {isa = PBXBuildFile; fileRef = 281D7AA31E8C99FB008EF7E4 /* MapOverlay.m */; };
		282049631E8BE7A9007F6719 /* building_coordinates.plist in Resources */ = {isa = PBXBuildFile; fileRef = 282049611E8BE7A9007F6719 /* building_coordinates.plist */; };
		282049641E8BE7A9007F6719 /* boundaries.plist in Resources */ = {isa = PBXBuildFile; fileRef = 282049621E8BE7A9007F6719 /* boundaries.plist */; };
		282049671E8BE7DC007F6719 /* MapOverlayView.m in Sources */ = {isa = PBXBuildFile; fileRef = 282049661E8BE7DC007F6719 /* MapOverlayView.m */; };
		2820496A1E8BE7E8007F6719 /* MapKit.framework in Frameworks */ = {isa = PBXBuildFile; fileRef = 282049691E8BE7E8007F6719 /* MapKit.framework */; };
		2820496C1E8BE7EF007F6719 /* CoreLocation.framework in Frameworks */ = {isa = PBXBuildFile; fileRef = 2820496B1E8BE7EF007F6719 /* CoreLocation.framework */; };
		2820496E1E8BE7F8007F6719 /* CoreGraphics.framework in Frameworks */ = {isa = PBXBuildFile; fileRef = 2820496D1E8BE7F8007F6719 /* CoreGraphics.framework */; };
		282049701E8BE7FE007F6719 /* Foundation.framework in Frameworks */ = {isa = PBXBuildFile; fileRef = 2820496F1E8BE7FE007F6719 /* Foundation.framework */; };
		282049751E8BE88A007F6719 /* campus_image.png in Resources */ = {isa = PBXBuildFile; fileRef = 282049741E8BE88A007F6719 /* campus_image.png */; };
		28233D501E8E83C70060BAD9 /* close.png in Resources */ = {isa = PBXBuildFile; fileRef = 28233D4F1E8E83C70060BAD9 /* close.png */; };
		28233D521E8E84600060BAD9 /* info.png in Resources */ = {isa = PBXBuildFile; fileRef = 28233D511E8E84600060BAD9 /* info.png */; };
		28233D541E8E86C90060BAD9 /* campus.png in Resources */ = {isa = PBXBuildFile; fileRef = 28233D531E8E86C90060BAD9 /* campus.png */; };
		2828AE831EADA89800F071EA /* down.png in Resources */ = {isa = PBXBuildFile; fileRef = 2828AE811EADA89800F071EA /* down.png */; };
		2828AE841EADA89800F071EA /* up.png in Resources */ = {isa = PBXBuildFile; fileRef = 2828AE821EADA89800F071EA /* up.png */; };
		287D6AC41E8DE65F00A42BE4 /* map.png in Resources */ = {isa = PBXBuildFile; fileRef = 287D6AC31E8DE65F00A42BE4 /* map.png */; };
		28C63C5F1EADE6DD00C54B00 /* tour_icon.png in Resources */ = {isa = PBXBuildFile; fileRef = 28C63C5E1EADE6DD00C54B00 /* tour_icon.png */; };
		28C63C621EADE95900C54B00 /* PolylineRender.m in Sources */ = {isa = PBXBuildFile; fileRef = 28C63C611EADE95900C54B00 /* PolylineRender.m */; };
		28CB15E21E8CB21400513304 /* Campus.m in Sources */ = {isa = PBXBuildFile; fileRef = 28CB15E11E8CB21400513304 /* Campus.m */; };
		28CC1A511EA0763700290DD2 /* Graph.m in Sources */ = {isa = PBXBuildFile; fileRef = 28CC1A4C1EA0763700290DD2 /* Graph.m */; };
		28CC1A521EA0763700290DD2 /* Heap.m in Sources */ = {isa = PBXBuildFile; fileRef = 28CC1A4E1EA0763700290DD2 /* Heap.m */; };
		28CC1A531EA0763700290DD2 /* PQ.m in Sources */ = {isa = PBXBuildFile; fileRef = 28CC1A501EA0763700290DD2 /* PQ.m */; };
		28CC1A561EA0772A00290DD2 /* Vertex.m in Sources */ = {isa = PBXBuildFile; fileRef = 28CC1A551EA0772A00290DD2 /* Vertex.m */; };
		28E682071EADCBE300B9824A /* AutoResizeTextView.m in Sources */ = {isa = PBXBuildFile; fileRef = 28E681B31EADCBE300B9824A /* AutoResizeTextView.m */; };
		28E682081EADCBE300B9824A /* MaterialControls.m in Sources */ = {isa = PBXBuildFile; fileRef = 28E681B51EADCBE300B9824A /* MaterialControls.m */; };
		28E682091EADCBE300B9824A /* MDBubbleLabel.m in Sources */ = {isa = PBXBuildFile; fileRef = 28E681B71EADCBE300B9824A /* MDBubbleLabel.m */; };
		28E6820A1EADCBE300B9824A /* MDButton.m in Sources */ = {isa = PBXBuildFile; fileRef = 28E681B91EADCBE300B9824A /* MDButton.m */; };
		28E6820B1EADCBE300B9824A /* MDCalendar.m in Sources */ = {isa = PBXBuildFile; fileRef = 28E681BB1EADCBE300B9824A /* MDCalendar.m */; };
		28E6820C1EADCBE300B9824A /* MDCalendarCell.m in Sources */ = {isa = PBXBuildFile; fileRef = 28E681BD1EADCBE300B9824A /* MDCalendarCell.m */; };
		28E6820D1EADCBE300B9824A /* MDCalendarDateHeader.m in Sources */ = {isa = PBXBuildFile; fileRef = 28E681BF1EADCBE300B9824A /* MDCalendarDateHeader.m */; };
		28E6820E1EADCBE300B9824A /* MDCalendarHeader.m in Sources */ = {isa = PBXBuildFile; fileRef = 28E681C11EADCBE300B9824A /* MDCalendarHeader.m */; };
		28E6820F1EADCBE300B9824A /* MDCalendarYearSelector.m in Sources */ = {isa = PBXBuildFile; fileRef = 28E681C31EADCBE300B9824A /* MDCalendarYearSelector.m */; };
		28E682101EADCBE300B9824A /* MDCalendarYearSelectorViewCell.m in Sources */ = {isa = PBXBuildFile; fileRef = 28E681C51EADCBE300B9824A /* MDCalendarYearSelectorViewCell.m */; };
		28E682111EADCBE300B9824A /* MDCircularProgressLayer.m in Sources */ = {isa = PBXBuildFile; fileRef = 28E681C71EADCBE300B9824A /* MDCircularProgressLayer.m */; };
		28E682121EADCBE300B9824A /* MDCollectionViewCell.m in Sources */ = {isa = PBXBuildFile; fileRef = 28E681C91EADCBE300B9824A /* MDCollectionViewCell.m */; };
		28E682131EADCBE300B9824A /* MDDatePicker.m in Sources */ = {isa = PBXBuildFile; fileRef = 28E681CC1EADCBE300B9824A /* MDDatePicker.m */; };
		28E682141EADCBE300B9824A /* MDDatePickerDialog.m in Sources */ = {isa = PBXBuildFile; fileRef = 28E681CE1EADCBE300B9824A /* MDDatePickerDialog.m */; };
		28E682151EADCBE300B9824A /* MDDeviceHelper.m in Sources */ = {isa = PBXBuildFile; fileRef = 28E681D01EADCBE300B9824A /* MDDeviceHelper.m */; };
		28E682161EADCBE300B9824A /* MDLinearProgressLayer.m in Sources */ = {isa = PBXBuildFile; fileRef = 28E681D21EADCBE300B9824A /* MDLinearProgressLayer.m */; };
		28E682171EADCBE300B9824A /* MDMathHelper.m in Sources */ = {isa = PBXBuildFile; fileRef = 28E681D41EADCBE300B9824A /* MDMathHelper.m */; };
		28E682181EADCBE300B9824A /* MDProgress.m in Sources */ = {isa = PBXBuildFile; fileRef = 28E681D61EADCBE300B9824A /* MDProgress.m */; };
		28E682191EADCBE300B9824A /* MDProgressLayer.m in Sources */ = {isa = PBXBuildFile; fileRef = 28E681D81EADCBE300B9824A /* MDProgressLayer.m */; };
		28E6821A1EADCBE300B9824A /* MDRippleLayer.m in Sources */ = {isa = PBXBuildFile; fileRef = 28E681DA1EADCBE300B9824A /* MDRippleLayer.m */; };
		28E6821B1EADCBE300B9824A /* MDSlider.m in Sources */ = {isa = PBXBuildFile; fileRef = 28E681DC1EADCBE300B9824A /* MDSlider.m */; };
		28E6821C1EADCBE300B9824A /* MDSliderIcon.m in Sources */ = {isa = PBXBuildFile; fileRef = 28E681DE1EADCBE300B9824A /* MDSliderIcon.m */; };
		28E6821D1EADCBE300B9824A /* MDSliderThumbView.m in Sources */ = {isa = PBXBuildFile; fileRef = 28E681E01EADCBE300B9824A /* MDSliderThumbView.m */; };
		28E6821E1EADCBE300B9824A /* MDSliderTickMarksView.m in Sources */ = {isa = PBXBuildFile; fileRef = 28E681E21EADCBE300B9824A /* MDSliderTickMarksView.m */; };
		28E6821F1EADCBE300B9824A /* MDSnackbar.m in Sources */ = {isa = PBXBuildFile; fileRef = 28E681E41EADCBE300B9824A /* MDSnackbar.m */; };
		28E682201EADCBE300B9824A /* MDSuggestPopupView.m in Sources */ = {isa = PBXBuildFile; fileRef = 28E681E61EADCBE300B9824A /* MDSuggestPopupView.m */; };
		28E682211EADCBE300B9824A /* MDSuggestTableView.m in Sources */ = {isa = PBXBuildFile; fileRef = 28E681E81EADCBE300B9824A /* MDSuggestTableView.m */; };
		28E682221EADCBE300B9824A /* MDSwitch.m in Sources */ = {isa = PBXBuildFile; fileRef = 28E681EA1EADCBE300B9824A /* MDSwitch.m */; };
		28E682231EADCBE300B9824A /* MDTabBar.m in Sources */ = {isa = PBXBuildFile; fileRef = 28E681EC1EADCBE300B9824A /* MDTabBar.m */; };
		28E682241EADCBE300B9824A /* MDTabBarViewController.m in Sources */ = {isa = PBXBuildFile; fileRef = 28E681EE1EADCBE300B9824A /* MDTabBarViewController.m */; };
		28E682251EADCBE300B9824A /* MDTableViewCell.m in Sources */ = {isa = PBXBuildFile; fileRef = 28E681F01EADCBE300B9824A /* MDTableViewCell.m */; };
		28E682261EADCBE300B9824A /* MDTextField.m in Sources */ = {isa = PBXBuildFile; fileRef = 28E681F21EADCBE300B9824A /* MDTextField.m */; };
		28E682271EADCBE300B9824A /* MDTimePickerDialog.m in Sources */ = {isa = PBXBuildFile; fileRef = 28E681F41EADCBE300B9824A /* MDTimePickerDialog.m */; };
		28E682281EADCBE300B9824A /* MDToast.m in Sources */ = {isa = PBXBuildFile; fileRef = 28E681F61EADCBE300B9824A /* MDToast.m */; };
		28E682291EADCBE300B9824A /* MDTouchGestureRecognizer.m in Sources */ = {isa = PBXBuildFile; fileRef = 28E681F81EADCBE300B9824A /* MDTouchGestureRecognizer.m */; };
		28E6822A1EADCBE300B9824A /* NSCalendarHelper.m in Sources */ = {isa = PBXBuildFile; fileRef = 28E681FA1EADCBE300B9824A /* NSCalendarHelper.m */; };
		28E6822B1EADCBE300B9824A /* NSDate+MDExtension.m in Sources */ = {isa = PBXBuildFile; fileRef = 28E681FC1EADCBE300B9824A /* NSDate+MDExtension.m */; };
		28E6822C1EADCBE300B9824A /* NSDateHelper.m in Sources */ = {isa = PBXBuildFile; fileRef = 28E681FE1EADCBE300B9824A /* NSDateHelper.m */; };
		28E6822D1EADCBE300B9824A /* UIColorHelper.m in Sources */ = {isa = PBXBuildFile; fileRef = 28E682001EADCBE300B9824A /* UIColorHelper.m */; };
		28E6822E1EADCBE300B9824A /* UIFontHelper.m in Sources */ = {isa = PBXBuildFile; fileRef = 28E682021EADCBE300B9824A /* UIFontHelper.m */; };
		28E6822F1EADCBE300B9824A /* UIView+MDExtension.m in Sources */ = {isa = PBXBuildFile; fileRef = 28E682041EADCBE300B9824A /* UIView+MDExtension.m */; };
		28E682301EADCBE300B9824A /* UIViewHelper.m in Sources */ = {isa = PBXBuildFile; fileRef = 28E682061EADCBE300B9824A /* UIViewHelper.m */; };
		28E682331EADCE9F00B9824A /* Media.xcassets in Resources */ = {isa = PBXBuildFile; fileRef = 28E682321EADCE9F00B9824A /* Media.xcassets */; };
		28F076FB1E92754A00B7B7B4 /* Map-Pin.png in Resources */ = {isa = PBXBuildFile; fileRef = 28F076FA1E92754A00B7B7B4 /* Map-Pin.png */; };
/* End PBXBuildFile section */

/* Begin PBXFileReference section */
		161C81A11E8E839A008F9AE2 /* route_points.plist */ = {isa = PBXFileReference; fileEncoding = 4; lastKnownFileType = text.plist.xml; name = route_points.plist; path = ../route_points.plist; sourceTree = "<group>"; };
		161C81A31E8E8628008F9AE2 /* MapRoute.h */ = {isa = PBXFileReference; fileEncoding = 4; lastKnownFileType = sourcecode.c.h; path = MapRoute.h; sourceTree = "<group>"; };
		161C81A41E8E8628008F9AE2 /* MapRoute.m */ = {isa = PBXFileReference; fileEncoding = 4; lastKnownFileType = sourcecode.c.objc; path = MapRoute.m; sourceTree = "<group>"; };
		1631E8721EAD92200018AAED /* Athletic Fields.png */ = {isa = PBXFileReference; lastKnownFileType = image.png; name = "Athletic Fields.png"; path = "../../Media/Athletic Fields.png"; sourceTree = "<group>"; };
		1631E8771EAD92A60018AAED /* Arms Building.png */ = {isa = PBXFileReference; lastKnownFileType = image.png; name = "Arms Building.png"; path = "../../Media/Arms Building.png"; sourceTree = "<group>"; };
		1631E8791EAD92E80018AAED /* The Boyden Library.png */ = {isa = PBXFileReference; lastKnownFileType = image.png; name = "The Boyden Library.png"; path = "../../Media/The Boyden Library.png"; sourceTree = "<group>"; };
		167592811EA64577008EE831 /* Main School Building.png */ = {isa = PBXFileReference; lastKnownFileType = image.png; name = "Main School Building.png"; path = "../../Media/Main School Building.png"; sourceTree = "<group>"; };
		167592831EA645FE008EE831 /* The Koch Center.png */ = {isa = PBXFileReference; lastKnownFileType = image.png; name = "The Koch Center.png"; path = "../../Media/The Koch Center.png"; sourceTree = "<group>"; };
		167592851EA6477C008EE831 /* Hess Center for the Arts.png */ = {isa = PBXFileReference; lastKnownFileType = image.png; name = "Hess Center for the Arts.png"; path = "../../Media/Hess Center for the Arts.png"; sourceTree = "<group>"; };
		167592871EA79282008EE831 /* Athletic Center.png */ = {isa = PBXFileReference; lastKnownFileType = image.png; name = "Athletic Center.png"; path = "../../Media/Athletic Center.png"; sourceTree = "<group>"; };
		1675928B1EA797EF008EE831 /* Dining Hall.png */ = {isa = PBXFileReference; lastKnownFileType = image.png; name = "Dining Hall.png"; path = "../../Media/Dining Hall.png"; sourceTree = "<group>"; };
		169577F11E8A975F00EAC913 /* DeerfieldTour.app */ = {isa = PBXFileReference; explicitFileType = wrapper.application; includeInIndex = 0; path = DeerfieldTour.app; sourceTree = BUILT_PRODUCTS_DIR; };
		169577F51E8A975F00EAC913 /* main.m */ = {isa = PBXFileReference; lastKnownFileType = sourcecode.c.objc; path = main.m; sourceTree = "<group>"; };
		169577F71E8A975F00EAC913 /* AppDelegate.h */ = {isa = PBXFileReference; lastKnownFileType = sourcecode.c.h; path = AppDelegate.h; sourceTree = "<group>"; };
		169577F81E8A975F00EAC913 /* AppDelegate.m */ = {isa = PBXFileReference; lastKnownFileType = sourcecode.c.objc; path = AppDelegate.m; sourceTree = "<group>"; };
		169577FA1E8A975F00EAC913 /* ViewController.h */ = {isa = PBXFileReference; lastKnownFileType = sourcecode.c.h; path = ViewController.h; sourceTree = "<group>"; };
		169577FB1E8A975F00EAC913 /* ViewController.m */ = {isa = PBXFileReference; lastKnownFileType = sourcecode.c.objc; path = ViewController.m; sourceTree = "<group>"; };
		169577FE1E8A975F00EAC913 /* Base */ = {isa = PBXFileReference; lastKnownFileType = file.storyboard; name = Base; path = Base.lproj/Main.storyboard; sourceTree = "<group>"; };
		169578001E8A975F00EAC913 /* Assets.xcassets */ = {isa = PBXFileReference; lastKnownFileType = folder.assetcatalog; path = Assets.xcassets; sourceTree = "<group>"; };
		169578031E8A975F00EAC913 /* Base */ = {isa = PBXFileReference; lastKnownFileType = file.storyboard; name = Base; path = Base.lproj/LaunchScreen.storyboard; sourceTree = "<group>"; };
		169578051E8A975F00EAC913 /* Info.plist */ = {isa = PBXFileReference; lastKnownFileType = text.plist.xml; path = Info.plist; sourceTree = "<group>"; };
		16C51F3A1EA0FEBA00EF3913 /* DescriptionViewController.h */ = {isa = PBXFileReference; fileEncoding = 4; lastKnownFileType = sourcecode.c.h; path = DescriptionViewController.h; sourceTree = "<group>"; };
		16C51F3B1EA0FEBB00EF3913 /* DescriptionViewController.m */ = {isa = PBXFileReference; fileEncoding = 4; lastKnownFileType = sourcecode.c.objc; path = DescriptionViewController.m; sourceTree = "<group>"; };
		16C51F3D1EA1BFD100EF3913 /* building_summaries.plist */ = {isa = PBXFileReference; fileEncoding = 4; lastKnownFileType = text.plist.xml; path = building_summaries.plist; sourceTree = "<group>"; };
		280539D51E93ECE000F0A18D /* map copy.png */ = {isa = PBXFileReference; lastKnownFileType = image.png; path = "map copy.png"; sourceTree = "<group>"; };
		280539D71E93EE0800F0A18D /* BuildingAnnotationView.h */ = {isa = PBXFileReference; fileEncoding = 4; lastKnownFileType = sourcecode.c.h; path = BuildingAnnotationView.h; sourceTree = "<group>"; };
		280539D81E93EE0800F0A18D /* BuildingAnnotationView.m */ = {isa = PBXFileReference; fileEncoding = 4; lastKnownFileType = sourcecode.c.objc; path = BuildingAnnotationView.m; sourceTree = "<group>"; };
		280539D91E93EE0800F0A18D /* BuildingAnnotation.h */ = {isa = PBXFileReference; fileEncoding = 4; lastKnownFileType = sourcecode.c.h; path = BuildingAnnotation.h; sourceTree = "<group>"; };
		280539DA1E93EE0800F0A18D /* BuildingAnnotation.m */ = {isa = PBXFileReference; fileEncoding = 4; lastKnownFileType = sourcecode.c.objc; path = BuildingAnnotation.m; sourceTree = "<group>"; };
		281D7AA21E8C99FB008EF7E4 /* MapOverlay.h */ = {isa = PBXFileReference; fileEncoding = 4; lastKnownFileType = sourcecode.c.h; path = MapOverlay.h; sourceTree = "<group>"; };
		281D7AA31E8C99FB008EF7E4 /* MapOverlay.m */ = {isa = PBXFileReference; fileEncoding = 4; lastKnownFileType = sourcecode.c.objc; path = MapOverlay.m; sourceTree = "<group>"; };
		282049611E8BE7A9007F6719 /* building_coordinates.plist */ = {isa = PBXFileReference; fileEncoding = 4; lastKnownFileType = text.plist.xml; path = building_coordinates.plist; sourceTree = "<group>"; };
		282049621E8BE7A9007F6719 /* boundaries.plist */ = {isa = PBXFileReference; fileEncoding = 4; lastKnownFileType = text.plist.xml; path = boundaries.plist; sourceTree = "<group>"; };
		282049651E8BE7DC007F6719 /* MapOverlayView.h */ = {isa = PBXFileReference; fileEncoding = 4; lastKnownFileType = sourcecode.c.h; name = MapOverlayView.h; path = ../MapOverlayView.h; sourceTree = "<group>"; };
		282049661E8BE7DC007F6719 /* MapOverlayView.m */ = {isa = PBXFileReference; fileEncoding = 4; lastKnownFileType = sourcecode.c.objc; name = MapOverlayView.m; path = ../MapOverlayView.m; sourceTree = "<group>"; };
		282049691E8BE7E8007F6719 /* MapKit.framework */ = {isa = PBXFileReference; lastKnownFileType = wrapper.framework; name = MapKit.framework; path = System/Library/Frameworks/MapKit.framework; sourceTree = SDKROOT; };
		2820496B1E8BE7EF007F6719 /* CoreLocation.framework */ = {isa = PBXFileReference; lastKnownFileType = wrapper.framework; name = CoreLocation.framework; path = System/Library/Frameworks/CoreLocation.framework; sourceTree = SDKROOT; };
		2820496D1E8BE7F8007F6719 /* CoreGraphics.framework */ = {isa = PBXFileReference; lastKnownFileType = wrapper.framework; name = CoreGraphics.framework; path = System/Library/Frameworks/CoreGraphics.framework; sourceTree = SDKROOT; };
		2820496F1E8BE7FE007F6719 /* Foundation.framework */ = {isa = PBXFileReference; lastKnownFileType = wrapper.framework; name = Foundation.framework; path = System/Library/Frameworks/Foundation.framework; sourceTree = SDKROOT; };
		282049741E8BE88A007F6719 /* campus_image.png */ = {isa = PBXFileReference; lastKnownFileType = image.png; path = campus_image.png; sourceTree = "<group>"; };
		28233D4F1E8E83C70060BAD9 /* close.png */ = {isa = PBXFileReference; lastKnownFileType = image.png; path = close.png; sourceTree = "<group>"; };
		28233D511E8E84600060BAD9 /* info.png */ = {isa = PBXFileReference; lastKnownFileType = image.png; path = info.png; sourceTree = "<group>"; };
		28233D531E8E86C90060BAD9 /* campus.png */ = {isa = PBXFileReference; lastKnownFileType = image.png; path = campus.png; sourceTree = "<group>"; };
		2828AE811EADA89800F071EA /* down.png */ = {isa = PBXFileReference; lastKnownFileType = image.png; path = down.png; sourceTree = "<group>"; };
		2828AE821EADA89800F071EA /* up.png */ = {isa = PBXFileReference; lastKnownFileType = image.png; path = up.png; sourceTree = "<group>"; };
		287D6AC31E8DE65F00A42BE4 /* map.png */ = {isa = PBXFileReference; lastKnownFileType = image.png; path = map.png; sourceTree = "<group>"; };
		28C63C5E1EADE6DD00C54B00 /* tour_icon.png */ = {isa = PBXFileReference; lastKnownFileType = image.png; path = tour_icon.png; sourceTree = "<group>"; };
		28C63C601EADE95900C54B00 /* PolylineRender.h */ = {isa = PBXFileReference; fileEncoding = 4; lastKnownFileType = sourcecode.c.h; path = PolylineRender.h; sourceTree = "<group>"; };
		28C63C611EADE95900C54B00 /* PolylineRender.m */ = {isa = PBXFileReference; fileEncoding = 4; lastKnownFileType = sourcecode.c.objc; path = PolylineRender.m; sourceTree = "<group>"; };
		28CB15E01E8CB21400513304 /* Campus.h */ = {isa = PBXFileReference; fileEncoding = 4; lastKnownFileType = sourcecode.c.h; path = Campus.h; sourceTree = "<group>"; };
		28CB15E11E8CB21400513304 /* Campus.m */ = {isa = PBXFileReference; fileEncoding = 4; lastKnownFileType = sourcecode.c.objc; path = Campus.m; sourceTree = "<group>"; };
		28CC1A4B1EA0763700290DD2 /* Graph.h */ = {isa = PBXFileReference; fileEncoding = 4; lastKnownFileType = sourcecode.c.h; path = Graph.h; sourceTree = "<group>"; };
		28CC1A4C1EA0763700290DD2 /* Graph.m */ = {isa = PBXFileReference; fileEncoding = 4; lastKnownFileType = sourcecode.c.objc; path = Graph.m; sourceTree = "<group>"; };
		28CC1A4D1EA0763700290DD2 /* Heap.h */ = {isa = PBXFileReference; fileEncoding = 4; lastKnownFileType = sourcecode.c.h; path = Heap.h; sourceTree = "<group>"; };
		28CC1A4E1EA0763700290DD2 /* Heap.m */ = {isa = PBXFileReference; fileEncoding = 4; lastKnownFileType = sourcecode.c.objc; path = Heap.m; sourceTree = "<group>"; };
		28CC1A4F1EA0763700290DD2 /* PQ.h */ = {isa = PBXFileReference; fileEncoding = 4; lastKnownFileType = sourcecode.c.h; path = PQ.h; sourceTree = "<group>"; };
		28CC1A501EA0763700290DD2 /* PQ.m */ = {isa = PBXFileReference; fileEncoding = 4; lastKnownFileType = sourcecode.c.objc; path = PQ.m; sourceTree = "<group>"; };
		28CC1A541EA0772A00290DD2 /* Vertex.h */ = {isa = PBXFileReference; fileEncoding = 4; lastKnownFileType = sourcecode.c.h; path = Vertex.h; sourceTree = "<group>"; };
		28CC1A551EA0772A00290DD2 /* Vertex.m */ = {isa = PBXFileReference; fileEncoding = 4; lastKnownFileType = sourcecode.c.objc; path = Vertex.m; sourceTree = "<group>"; };
		28E681B21EADCBE300B9824A /* AutoResizeTextView.h */ = {isa = PBXFileReference; fileEncoding = 4; lastKnownFileType = sourcecode.c.h; name = AutoResizeTextView.h; path = MaterialControls/AutoResizeTextView.h; sourceTree = "<group>"; };
		28E681B31EADCBE300B9824A /* AutoResizeTextView.m */ = {isa = PBXFileReference; fileEncoding = 4; lastKnownFileType = sourcecode.c.objc; name = AutoResizeTextView.m; path = MaterialControls/AutoResizeTextView.m; sourceTree = "<group>"; };
		28E681B41EADCBE300B9824A /* MaterialControls.h */ = {isa = PBXFileReference; fileEncoding = 4; lastKnownFileType = sourcecode.c.h; name = MaterialControls.h; path = MaterialControls/MaterialControls.h; sourceTree = "<group>"; };
		28E681B51EADCBE300B9824A /* MaterialControls.m */ = {isa = PBXFileReference; fileEncoding = 4; lastKnownFileType = sourcecode.c.objc; name = MaterialControls.m; path = MaterialControls/MaterialControls.m; sourceTree = "<group>"; };
		28E681B61EADCBE300B9824A /* MDBubbleLabel.h */ = {isa = PBXFileReference; fileEncoding = 4; lastKnownFileType = sourcecode.c.h; name = MDBubbleLabel.h; path = MaterialControls/MDBubbleLabel.h; sourceTree = "<group>"; };
		28E681B71EADCBE300B9824A /* MDBubbleLabel.m */ = {isa = PBXFileReference; fileEncoding = 4; lastKnownFileType = sourcecode.c.objc; name = MDBubbleLabel.m; path = MaterialControls/MDBubbleLabel.m; sourceTree = "<group>"; };
		28E681B81EADCBE300B9824A /* MDButton.h */ = {isa = PBXFileReference; fileEncoding = 4; lastKnownFileType = sourcecode.c.h; name = MDButton.h; path = MaterialControls/MDButton.h; sourceTree = "<group>"; };
		28E681B91EADCBE300B9824A /* MDButton.m */ = {isa = PBXFileReference; fileEncoding = 4; lastKnownFileType = sourcecode.c.objc; name = MDButton.m; path = MaterialControls/MDButton.m; sourceTree = "<group>"; };
		28E681BA1EADCBE300B9824A /* MDCalendar.h */ = {isa = PBXFileReference; fileEncoding = 4; lastKnownFileType = sourcecode.c.h; name = MDCalendar.h; path = MaterialControls/MDCalendar.h; sourceTree = "<group>"; };
		28E681BB1EADCBE300B9824A /* MDCalendar.m */ = {isa = PBXFileReference; fileEncoding = 4; lastKnownFileType = sourcecode.c.objc; name = MDCalendar.m; path = MaterialControls/MDCalendar.m; sourceTree = "<group>"; };
		28E681BC1EADCBE300B9824A /* MDCalendarCell.h */ = {isa = PBXFileReference; fileEncoding = 4; lastKnownFileType = sourcecode.c.h; name = MDCalendarCell.h; path = MaterialControls/MDCalendarCell.h; sourceTree = "<group>"; };
		28E681BD1EADCBE300B9824A /* MDCalendarCell.m */ = {isa = PBXFileReference; fileEncoding = 4; lastKnownFileType = sourcecode.c.objc; name = MDCalendarCell.m; path = MaterialControls/MDCalendarCell.m; sourceTree = "<group>"; };
		28E681BE1EADCBE300B9824A /* MDCalendarDateHeader.h */ = {isa = PBXFileReference; fileEncoding = 4; lastKnownFileType = sourcecode.c.h; name = MDCalendarDateHeader.h; path = MaterialControls/MDCalendarDateHeader.h; sourceTree = "<group>"; };
		28E681BF1EADCBE300B9824A /* MDCalendarDateHeader.m */ = {isa = PBXFileReference; fileEncoding = 4; lastKnownFileType = sourcecode.c.objc; name = MDCalendarDateHeader.m; path = MaterialControls/MDCalendarDateHeader.m; sourceTree = "<group>"; };
		28E681C01EADCBE300B9824A /* MDCalendarHeader.h */ = {isa = PBXFileReference; fileEncoding = 4; lastKnownFileType = sourcecode.c.h; name = MDCalendarHeader.h; path = MaterialControls/MDCalendarHeader.h; sourceTree = "<group>"; };
		28E681C11EADCBE300B9824A /* MDCalendarHeader.m */ = {isa = PBXFileReference; fileEncoding = 4; lastKnownFileType = sourcecode.c.objc; name = MDCalendarHeader.m; path = MaterialControls/MDCalendarHeader.m; sourceTree = "<group>"; };
		28E681C21EADCBE300B9824A /* MDCalendarYearSelector.h */ = {isa = PBXFileReference; fileEncoding = 4; lastKnownFileType = sourcecode.c.h; name = MDCalendarYearSelector.h; path = MaterialControls/MDCalendarYearSelector.h; sourceTree = "<group>"; };
		28E681C31EADCBE300B9824A /* MDCalendarYearSelector.m */ = {isa = PBXFileReference; fileEncoding = 4; lastKnownFileType = sourcecode.c.objc; name = MDCalendarYearSelector.m; path = MaterialControls/MDCalendarYearSelector.m; sourceTree = "<group>"; };
		28E681C41EADCBE300B9824A /* MDCalendarYearSelectorViewCell.h */ = {isa = PBXFileReference; fileEncoding = 4; lastKnownFileType = sourcecode.c.h; name = MDCalendarYearSelectorViewCell.h; path = MaterialControls/MDCalendarYearSelectorViewCell.h; sourceTree = "<group>"; };
		28E681C51EADCBE300B9824A /* MDCalendarYearSelectorViewCell.m */ = {isa = PBXFileReference; fileEncoding = 4; lastKnownFileType = sourcecode.c.objc; name = MDCalendarYearSelectorViewCell.m; path = MaterialControls/MDCalendarYearSelectorViewCell.m; sourceTree = "<group>"; };
		28E681C61EADCBE300B9824A /* MDCircularProgressLayer.h */ = {isa = PBXFileReference; fileEncoding = 4; lastKnownFileType = sourcecode.c.h; name = MDCircularProgressLayer.h; path = MaterialControls/MDCircularProgressLayer.h; sourceTree = "<group>"; };
		28E681C71EADCBE300B9824A /* MDCircularProgressLayer.m */ = {isa = PBXFileReference; fileEncoding = 4; lastKnownFileType = sourcecode.c.objc; name = MDCircularProgressLayer.m; path = MaterialControls/MDCircularProgressLayer.m; sourceTree = "<group>"; };
		28E681C81EADCBE300B9824A /* MDCollectionViewCell.h */ = {isa = PBXFileReference; fileEncoding = 4; lastKnownFileType = sourcecode.c.h; name = MDCollectionViewCell.h; path = MaterialControls/MDCollectionViewCell.h; sourceTree = "<group>"; };
		28E681C91EADCBE300B9824A /* MDCollectionViewCell.m */ = {isa = PBXFileReference; fileEncoding = 4; lastKnownFileType = sourcecode.c.objc; name = MDCollectionViewCell.m; path = MaterialControls/MDCollectionViewCell.m; sourceTree = "<group>"; };
		28E681CA1EADCBE300B9824A /* MDConstants.h */ = {isa = PBXFileReference; fileEncoding = 4; lastKnownFileType = sourcecode.c.h; name = MDConstants.h; path = MaterialControls/MDConstants.h; sourceTree = "<group>"; };
		28E681CB1EADCBE300B9824A /* MDDatePicker.h */ = {isa = PBXFileReference; fileEncoding = 4; lastKnownFileType = sourcecode.c.h; name = MDDatePicker.h; path = MaterialControls/MDDatePicker.h; sourceTree = "<group>"; };
		28E681CC1EADCBE300B9824A /* MDDatePicker.m */ = {isa = PBXFileReference; fileEncoding = 4; lastKnownFileType = sourcecode.c.objc; name = MDDatePicker.m; path = MaterialControls/MDDatePicker.m; sourceTree = "<group>"; };
		28E681CD1EADCBE300B9824A /* MDDatePickerDialog.h */ = {isa = PBXFileReference; fileEncoding = 4; lastKnownFileType = sourcecode.c.h; name = MDDatePickerDialog.h; path = MaterialControls/MDDatePickerDialog.h; sourceTree = "<group>"; };
		28E681CE1EADCBE300B9824A /* MDDatePickerDialog.m */ = {isa = PBXFileReference; fileEncoding = 4; lastKnownFileType = sourcecode.c.objc; name = MDDatePickerDialog.m; path = MaterialControls/MDDatePickerDialog.m; sourceTree = "<group>"; };
		28E681CF1EADCBE300B9824A /* MDDeviceHelper.h */ = {isa = PBXFileReference; fileEncoding = 4; lastKnownFileType = sourcecode.c.h; name = MDDeviceHelper.h; path = MaterialControls/MDDeviceHelper.h; sourceTree = "<group>"; };
		28E681D01EADCBE300B9824A /* MDDeviceHelper.m */ = {isa = PBXFileReference; fileEncoding = 4; lastKnownFileType = sourcecode.c.objc; name = MDDeviceHelper.m; path = MaterialControls/MDDeviceHelper.m; sourceTree = "<group>"; };
		28E681D11EADCBE300B9824A /* MDLinearProgressLayer.h */ = {isa = PBXFileReference; fileEncoding = 4; lastKnownFileType = sourcecode.c.h; name = MDLinearProgressLayer.h; path = MaterialControls/MDLinearProgressLayer.h; sourceTree = "<group>"; };
		28E681D21EADCBE300B9824A /* MDLinearProgressLayer.m */ = {isa = PBXFileReference; fileEncoding = 4; lastKnownFileType = sourcecode.c.objc; name = MDLinearProgressLayer.m; path = MaterialControls/MDLinearProgressLayer.m; sourceTree = "<group>"; };
		28E681D31EADCBE300B9824A /* MDMathHelper.h */ = {isa = PBXFileReference; fileEncoding = 4; lastKnownFileType = sourcecode.c.h; name = MDMathHelper.h; path = MaterialControls/MDMathHelper.h; sourceTree = "<group>"; };
		28E681D41EADCBE300B9824A /* MDMathHelper.m */ = {isa = PBXFileReference; fileEncoding = 4; lastKnownFileType = sourcecode.c.objc; name = MDMathHelper.m; path = MaterialControls/MDMathHelper.m; sourceTree = "<group>"; };
		28E681D51EADCBE300B9824A /* MDProgress.h */ = {isa = PBXFileReference; fileEncoding = 4; lastKnownFileType = sourcecode.c.h; name = MDProgress.h; path = MaterialControls/MDProgress.h; sourceTree = "<group>"; };
		28E681D61EADCBE300B9824A /* MDProgress.m */ = {isa = PBXFileReference; fileEncoding = 4; lastKnownFileType = sourcecode.c.objc; name = MDProgress.m; path = MaterialControls/MDProgress.m; sourceTree = "<group>"; };
		28E681D71EADCBE300B9824A /* MDProgressLayer.h */ = {isa = PBXFileReference; fileEncoding = 4; lastKnownFileType = sourcecode.c.h; name = MDProgressLayer.h; path = MaterialControls/MDProgressLayer.h; sourceTree = "<group>"; };
		28E681D81EADCBE300B9824A /* MDProgressLayer.m */ = {isa = PBXFileReference; fileEncoding = 4; lastKnownFileType = sourcecode.c.objc; name = MDProgressLayer.m; path = MaterialControls/MDProgressLayer.m; sourceTree = "<group>"; };
		28E681D91EADCBE300B9824A /* MDRippleLayer.h */ = {isa = PBXFileReference; fileEncoding = 4; lastKnownFileType = sourcecode.c.h; name = MDRippleLayer.h; path = MaterialControls/MDRippleLayer.h; sourceTree = "<group>"; };
		28E681DA1EADCBE300B9824A /* MDRippleLayer.m */ = {isa = PBXFileReference; fileEncoding = 4; lastKnownFileType = sourcecode.c.objc; name = MDRippleLayer.m; path = MaterialControls/MDRippleLayer.m; sourceTree = "<group>"; };
		28E681DB1EADCBE300B9824A /* MDSlider.h */ = {isa = PBXFileReference; fileEncoding = 4; lastKnownFileType = sourcecode.c.h; name = MDSlider.h; path = MaterialControls/MDSlider.h; sourceTree = "<group>"; };
		28E681DC1EADCBE300B9824A /* MDSlider.m */ = {isa = PBXFileReference; fileEncoding = 4; lastKnownFileType = sourcecode.c.objc; name = MDSlider.m; path = MaterialControls/MDSlider.m; sourceTree = "<group>"; };
		28E681DD1EADCBE300B9824A /* MDSliderIcon.h */ = {isa = PBXFileReference; fileEncoding = 4; lastKnownFileType = sourcecode.c.h; name = MDSliderIcon.h; path = MaterialControls/MDSliderIcon.h; sourceTree = "<group>"; };
		28E681DE1EADCBE300B9824A /* MDSliderIcon.m */ = {isa = PBXFileReference; fileEncoding = 4; lastKnownFileType = sourcecode.c.objc; name = MDSliderIcon.m; path = MaterialControls/MDSliderIcon.m; sourceTree = "<group>"; };
		28E681DF1EADCBE300B9824A /* MDSliderThumbView.h */ = {isa = PBXFileReference; fileEncoding = 4; lastKnownFileType = sourcecode.c.h; name = MDSliderThumbView.h; path = MaterialControls/MDSliderThumbView.h; sourceTree = "<group>"; };
		28E681E01EADCBE300B9824A /* MDSliderThumbView.m */ = {isa = PBXFileReference; fileEncoding = 4; lastKnownFileType = sourcecode.c.objc; name = MDSliderThumbView.m; path = MaterialControls/MDSliderThumbView.m; sourceTree = "<group>"; };
		28E681E11EADCBE300B9824A /* MDSliderTickMarksView.h */ = {isa = PBXFileReference; fileEncoding = 4; lastKnownFileType = sourcecode.c.h; name = MDSliderTickMarksView.h; path = MaterialControls/MDSliderTickMarksView.h; sourceTree = "<group>"; };
		28E681E21EADCBE300B9824A /* MDSliderTickMarksView.m */ = {isa = PBXFileReference; fileEncoding = 4; lastKnownFileType = sourcecode.c.objc; name = MDSliderTickMarksView.m; path = MaterialControls/MDSliderTickMarksView.m; sourceTree = "<group>"; };
		28E681E31EADCBE300B9824A /* MDSnackbar.h */ = {isa = PBXFileReference; fileEncoding = 4; lastKnownFileType = sourcecode.c.h; name = MDSnackbar.h; path = MaterialControls/MDSnackbar.h; sourceTree = "<group>"; };
		28E681E41EADCBE300B9824A /* MDSnackbar.m */ = {isa = PBXFileReference; fileEncoding = 4; lastKnownFileType = sourcecode.c.objc; name = MDSnackbar.m; path = MaterialControls/MDSnackbar.m; sourceTree = "<group>"; };
		28E681E51EADCBE300B9824A /* MDSuggestPopupView.h */ = {isa = PBXFileReference; fileEncoding = 4; lastKnownFileType = sourcecode.c.h; name = MDSuggestPopupView.h; path = MaterialControls/MDSuggestPopupView.h; sourceTree = "<group>"; };
		28E681E61EADCBE300B9824A /* MDSuggestPopupView.m */ = {isa = PBXFileReference; fileEncoding = 4; lastKnownFileType = sourcecode.c.objc; name = MDSuggestPopupView.m; path = MaterialControls/MDSuggestPopupView.m; sourceTree = "<group>"; };
		28E681E71EADCBE300B9824A /* MDSuggestTableView.h */ = {isa = PBXFileReference; fileEncoding = 4; lastKnownFileType = sourcecode.c.h; name = MDSuggestTableView.h; path = MaterialControls/MDSuggestTableView.h; sourceTree = "<group>"; };
		28E681E81EADCBE300B9824A /* MDSuggestTableView.m */ = {isa = PBXFileReference; fileEncoding = 4; lastKnownFileType = sourcecode.c.objc; name = MDSuggestTableView.m; path = MaterialControls/MDSuggestTableView.m; sourceTree = "<group>"; };
		28E681E91EADCBE300B9824A /* MDSwitch.h */ = {isa = PBXFileReference; fileEncoding = 4; lastKnownFileType = sourcecode.c.h; name = MDSwitch.h; path = MaterialControls/MDSwitch.h; sourceTree = "<group>"; };
		28E681EA1EADCBE300B9824A /* MDSwitch.m */ = {isa = PBXFileReference; fileEncoding = 4; lastKnownFileType = sourcecode.c.objc; name = MDSwitch.m; path = MaterialControls/MDSwitch.m; sourceTree = "<group>"; };
		28E681EB1EADCBE300B9824A /* MDTabBar.h */ = {isa = PBXFileReference; fileEncoding = 4; lastKnownFileType = sourcecode.c.h; name = MDTabBar.h; path = MaterialControls/MDTabBar.h; sourceTree = "<group>"; };
		28E681EC1EADCBE300B9824A /* MDTabBar.m */ = {isa = PBXFileReference; fileEncoding = 4; lastKnownFileType = sourcecode.c.objc; name = MDTabBar.m; path = MaterialControls/MDTabBar.m; sourceTree = "<group>"; };
		28E681ED1EADCBE300B9824A /* MDTabBarViewController.h */ = {isa = PBXFileReference; fileEncoding = 4; lastKnownFileType = sourcecode.c.h; name = MDTabBarViewController.h; path = MaterialControls/MDTabBarViewController.h; sourceTree = "<group>"; };
		28E681EE1EADCBE300B9824A /* MDTabBarViewController.m */ = {isa = PBXFileReference; fileEncoding = 4; lastKnownFileType = sourcecode.c.objc; name = MDTabBarViewController.m; path = MaterialControls/MDTabBarViewController.m; sourceTree = "<group>"; };
		28E681EF1EADCBE300B9824A /* MDTableViewCell.h */ = {isa = PBXFileReference; fileEncoding = 4; lastKnownFileType = sourcecode.c.h; name = MDTableViewCell.h; path = MaterialControls/MDTableViewCell.h; sourceTree = "<group>"; };
		28E681F01EADCBE300B9824A /* MDTableViewCell.m */ = {isa = PBXFileReference; fileEncoding = 4; lastKnownFileType = sourcecode.c.objc; name = MDTableViewCell.m; path = MaterialControls/MDTableViewCell.m; sourceTree = "<group>"; };
		28E681F11EADCBE300B9824A /* MDTextField.h */ = {isa = PBXFileReference; fileEncoding = 4; lastKnownFileType = sourcecode.c.h; name = MDTextField.h; path = MaterialControls/MDTextField.h; sourceTree = "<group>"; };
		28E681F21EADCBE300B9824A /* MDTextField.m */ = {isa = PBXFileReference; fileEncoding = 4; lastKnownFileType = sourcecode.c.objc; name = MDTextField.m; path = MaterialControls/MDTextField.m; sourceTree = "<group>"; };
		28E681F31EADCBE300B9824A /* MDTimePickerDialog.h */ = {isa = PBXFileReference; fileEncoding = 4; lastKnownFileType = sourcecode.c.h; name = MDTimePickerDialog.h; path = MaterialControls/MDTimePickerDialog.h; sourceTree = "<group>"; };
		28E681F41EADCBE300B9824A /* MDTimePickerDialog.m */ = {isa = PBXFileReference; fileEncoding = 4; lastKnownFileType = sourcecode.c.objc; name = MDTimePickerDialog.m; path = MaterialControls/MDTimePickerDialog.m; sourceTree = "<group>"; };
		28E681F51EADCBE300B9824A /* MDToast.h */ = {isa = PBXFileReference; fileEncoding = 4; lastKnownFileType = sourcecode.c.h; name = MDToast.h; path = MaterialControls/MDToast.h; sourceTree = "<group>"; };
		28E681F61EADCBE300B9824A /* MDToast.m */ = {isa = PBXFileReference; fileEncoding = 4; lastKnownFileType = sourcecode.c.objc; name = MDToast.m; path = MaterialControls/MDToast.m; sourceTree = "<group>"; };
		28E681F71EADCBE300B9824A /* MDTouchGestureRecognizer.h */ = {isa = PBXFileReference; fileEncoding = 4; lastKnownFileType = sourcecode.c.h; name = MDTouchGestureRecognizer.h; path = MaterialControls/MDTouchGestureRecognizer.h; sourceTree = "<group>"; };
		28E681F81EADCBE300B9824A /* MDTouchGestureRecognizer.m */ = {isa = PBXFileReference; fileEncoding = 4; lastKnownFileType = sourcecode.c.objc; name = MDTouchGestureRecognizer.m; path = MaterialControls/MDTouchGestureRecognizer.m; sourceTree = "<group>"; };
		28E681F91EADCBE300B9824A /* NSCalendarHelper.h */ = {isa = PBXFileReference; fileEncoding = 4; lastKnownFileType = sourcecode.c.h; name = NSCalendarHelper.h; path = MaterialControls/NSCalendarHelper.h; sourceTree = "<group>"; };
		28E681FA1EADCBE300B9824A /* NSCalendarHelper.m */ = {isa = PBXFileReference; fileEncoding = 4; lastKnownFileType = sourcecode.c.objc; name = NSCalendarHelper.m; path = MaterialControls/NSCalendarHelper.m; sourceTree = "<group>"; };
		28E681FB1EADCBE300B9824A /* NSDate+MDExtension.h */ = {isa = PBXFileReference; fileEncoding = 4; lastKnownFileType = sourcecode.c.h; name = "NSDate+MDExtension.h"; path = "MaterialControls/NSDate+MDExtension.h"; sourceTree = "<group>"; };
		28E681FC1EADCBE300B9824A /* NSDate+MDExtension.m */ = {isa = PBXFileReference; fileEncoding = 4; lastKnownFileType = sourcecode.c.objc; name = "NSDate+MDExtension.m"; path = "MaterialControls/NSDate+MDExtension.m"; sourceTree = "<group>"; };
		28E681FD1EADCBE300B9824A /* NSDateHelper.h */ = {isa = PBXFileReference; fileEncoding = 4; lastKnownFileType = sourcecode.c.h; name = NSDateHelper.h; path = MaterialControls/NSDateHelper.h; sourceTree = "<group>"; };
		28E681FE1EADCBE300B9824A /* NSDateHelper.m */ = {isa = PBXFileReference; fileEncoding = 4; lastKnownFileType = sourcecode.c.objc; name = NSDateHelper.m; path = MaterialControls/NSDateHelper.m; sourceTree = "<group>"; };
		28E681FF1EADCBE300B9824A /* UIColorHelper.h */ = {isa = PBXFileReference; fileEncoding = 4; lastKnownFileType = sourcecode.c.h; name = UIColorHelper.h; path = MaterialControls/UIColorHelper.h; sourceTree = "<group>"; };
		28E682001EADCBE300B9824A /* UIColorHelper.m */ = {isa = PBXFileReference; fileEncoding = 4; lastKnownFileType = sourcecode.c.objc; name = UIColorHelper.m; path = MaterialControls/UIColorHelper.m; sourceTree = "<group>"; };
		28E682011EADCBE300B9824A /* UIFontHelper.h */ = {isa = PBXFileReference; fileEncoding = 4; lastKnownFileType = sourcecode.c.h; name = UIFontHelper.h; path = MaterialControls/UIFontHelper.h; sourceTree = "<group>"; };
		28E682021EADCBE300B9824A /* UIFontHelper.m */ = {isa = PBXFileReference; fileEncoding = 4; lastKnownFileType = sourcecode.c.objc; name = UIFontHelper.m; path = MaterialControls/UIFontHelper.m; sourceTree = "<group>"; };
		28E682031EADCBE300B9824A /* UIView+MDExtension.h */ = {isa = PBXFileReference; fileEncoding = 4; lastKnownFileType = sourcecode.c.h; name = "UIView+MDExtension.h"; path = "MaterialControls/UIView+MDExtension.h"; sourceTree = "<group>"; };
		28E682041EADCBE300B9824A /* UIView+MDExtension.m */ = {isa = PBXFileReference; fileEncoding = 4; lastKnownFileType = sourcecode.c.objc; name = "UIView+MDExtension.m"; path = "MaterialControls/UIView+MDExtension.m"; sourceTree = "<group>"; };
		28E682051EADCBE300B9824A /* UIViewHelper.h */ = {isa = PBXFileReference; fileEncoding = 4; lastKnownFileType = sourcecode.c.h; name = UIViewHelper.h; path = MaterialControls/UIViewHelper.h; sourceTree = "<group>"; };
		28E682061EADCBE300B9824A /* UIViewHelper.m */ = {isa = PBXFileReference; fileEncoding = 4; lastKnownFileType = sourcecode.c.objc; name = UIViewHelper.m; path = MaterialControls/UIViewHelper.m; sourceTree = "<group>"; };
		28E682321EADCE9F00B9824A /* Media.xcassets */ = {isa = PBXFileReference; lastKnownFileType = folder.assetcatalog; path = Media.xcassets; sourceTree = "<group>"; };
		28F076FA1E92754A00B7B7B4 /* Map-Pin.png */ = {isa = PBXFileReference; lastKnownFileType = image.png; path = "Map-Pin.png"; sourceTree = "<group>"; };
/* End PBXFileReference section */

/* Begin PBXFrameworksBuildPhase section */
		169577EE1E8A975F00EAC913 /* Frameworks */ = {
			isa = PBXFrameworksBuildPhase;
			buildActionMask = 2147483647;
			files = (
				282049701E8BE7FE007F6719 /* Foundation.framework in Frameworks */,
				2820496E1E8BE7F8007F6719 /* CoreGraphics.framework in Frameworks */,
				2820496C1E8BE7EF007F6719 /* CoreLocation.framework in Frameworks */,
				2820496A1E8BE7E8007F6719 /* MapKit.framework in Frameworks */,
			);
			runOnlyForDeploymentPostprocessing = 0;
		};
/* End PBXFrameworksBuildPhase section */

/* Begin PBXGroup section */
		161C81A61E8E8633008F9AE2 /* MapRoute */ = {
			isa = PBXGroup;
			children = (
				28CC1A541EA0772A00290DD2 /* Vertex.h */,
				28CC1A551EA0772A00290DD2 /* Vertex.m */,
				28CC1A4B1EA0763700290DD2 /* Graph.h */,
				28CC1A4C1EA0763700290DD2 /* Graph.m */,
				28CC1A4D1EA0763700290DD2 /* Heap.h */,
				28CC1A4E1EA0763700290DD2 /* Heap.m */,
				28CC1A4F1EA0763700290DD2 /* PQ.h */,
				28CC1A501EA0763700290DD2 /* PQ.m */,
				161C81A31E8E8628008F9AE2 /* MapRoute.h */,
				161C81A41E8E8628008F9AE2 /* MapRoute.m */,
				28C63C601EADE95900C54B00 /* PolylineRender.h */,
				28C63C611EADE95900C54B00 /* PolylineRender.m */,
			);
			name = MapRoute;
			sourceTree = "<group>";
		};
		169577E81E8A975F00EAC913 = {
			isa = PBXGroup;
			children = (
				169577F31E8A975F00EAC913 /* DeerfieldTour */,
				169577F21E8A975F00EAC913 /* Products */,
				282049681E8BE7E8007F6719 /* Frameworks */,
			);
			sourceTree = "<group>";
		};
		169577F21E8A975F00EAC913 /* Products */ = {
			isa = PBXGroup;
			children = (
				169577F11E8A975F00EAC913 /* DeerfieldTour.app */,
			);
			name = Products;
			sourceTree = "<group>";
		};
		169577F31E8A975F00EAC913 /* DeerfieldTour */ = {
			isa = PBXGroup;
			children = (
				28E682311EADCBEE00B9824A /* Material Control */,
				161C81A61E8E8633008F9AE2 /* MapRoute */,
				282049711E8BE85F007F6719 /* Map Classes */,
				169577F71E8A975F00EAC913 /* AppDelegate.h */,
				169577F81E8A975F00EAC913 /* AppDelegate.m */,
				169577FA1E8A975F00EAC913 /* ViewController.h */,
				169577FB1E8A975F00EAC913 /* ViewController.m */,
				16C51F3A1EA0FEBA00EF3913 /* DescriptionViewController.h */,
				16C51F3B1EA0FEBB00EF3913 /* DescriptionViewController.m */,
				169577FD1E8A975F00EAC913 /* Main.storyboard */,
				282049761E8BE890007F6719 /* Media */,
				169577F41E8A975F00EAC913 /* Supporting Files */,
			);
			path = DeerfieldTour;
			sourceTree = "<group>";
		};
		169577F41E8A975F00EAC913 /* Supporting Files */ = {
			isa = PBXGroup;
			children = (
				28E682321EADCE9F00B9824A /* Media.xcassets */,
				169578001E8A975F00EAC913 /* Assets.xcassets */,
				169578021E8A975F00EAC913 /* LaunchScreen.storyboard */,
				161C81A11E8E839A008F9AE2 /* route_points.plist */,
				169578051E8A975F00EAC913 /* Info.plist */,
				282049611E8BE7A9007F6719 /* building_coordinates.plist */,
				16C51F3D1EA1BFD100EF3913 /* building_summaries.plist */,
				282049621E8BE7A9007F6719 /* boundaries.plist */,
				169577F51E8A975F00EAC913 /* main.m */,
			);
			name = "Supporting Files";
			sourceTree = "<group>";
		};
		282049681E8BE7E8007F6719 /* Frameworks */ = {
			isa = PBXGroup;
			children = (
				2820496F1E8BE7FE007F6719 /* Foundation.framework */,
				2820496D1E8BE7F8007F6719 /* CoreGraphics.framework */,
				2820496B1E8BE7EF007F6719 /* CoreLocation.framework */,
				282049691E8BE7E8007F6719 /* MapKit.framework */,
			);
			name = Frameworks;
			sourceTree = "<group>";
		};
		282049711E8BE85F007F6719 /* Map Classes */ = {
			isa = PBXGroup;
			children = (
				280539D71E93EE0800F0A18D /* BuildingAnnotationView.h */,
				280539D81E93EE0800F0A18D /* BuildingAnnotationView.m */,
				280539D91E93EE0800F0A18D /* BuildingAnnotation.h */,
				280539DA1E93EE0800F0A18D /* BuildingAnnotation.m */,
				28CB15E01E8CB21400513304 /* Campus.h */,
				28CB15E11E8CB21400513304 /* Campus.m */,
				281D7AA21E8C99FB008EF7E4 /* MapOverlay.h */,
				281D7AA31E8C99FB008EF7E4 /* MapOverlay.m */,
				282049651E8BE7DC007F6719 /* MapOverlayView.h */,
				282049661E8BE7DC007F6719 /* MapOverlayView.m */,
			);
			name = "Map Classes";
			sourceTree = "<group>";
		};
		282049761E8BE890007F6719 /* Media */ = {
			isa = PBXGroup;
			children = (
				28C63C5E1EADE6DD00C54B00 /* tour_icon.png */,
				2828AE811EADA89800F071EA /* down.png */,
				2828AE821EADA89800F071EA /* up.png */,
				280539D51E93ECE000F0A18D /* map copy.png */,
				167592851EA6477C008EE831 /* Hess Center for the Arts.png */,
				28F076FA1E92754A00B7B7B4 /* Map-Pin.png */,
				1631E8771EAD92A60018AAED /* Arms Building.png */,
				167592871EA79282008EE831 /* Athletic Center.png */,
				167592831EA645FE008EE831 /* The Koch Center.png */,
				1631E8721EAD92200018AAED /* Athletic Fields.png */,
				1631E8791EAD92E80018AAED /* The Boyden Library.png */,
				1675928B1EA797EF008EE831 /* Dining Hall.png */,
				167592811EA64577008EE831 /* Main School Building.png */,
				28233D511E8E84600060BAD9 /* info.png */,
				28233D4F1E8E83C70060BAD9 /* close.png */,
				28233D531E8E86C90060BAD9 /* campus.png */,
				287D6AC31E8DE65F00A42BE4 /* map.png */,
				282049741E8BE88A007F6719 /* campus_image.png */,
			);
			name = Media;
			sourceTree = "<group>";
		};
		28E682311EADCBEE00B9824A /* Material Control */ = {
			isa = PBXGroup;
			children = (
				28E681B21EADCBE300B9824A /* AutoResizeTextView.h */,
				28E681B31EADCBE300B9824A /* AutoResizeTextView.m */,
				28E681B41EADCBE300B9824A /* MaterialControls.h */,
				28E681B51EADCBE300B9824A /* MaterialControls.m */,
				28E681B61EADCBE300B9824A /* MDBubbleLabel.h */,
				28E681B71EADCBE300B9824A /* MDBubbleLabel.m */,
				28E681B81EADCBE300B9824A /* MDButton.h */,
				28E681B91EADCBE300B9824A /* MDButton.m */,
				28E681BA1EADCBE300B9824A /* MDCalendar.h */,
				28E681BB1EADCBE300B9824A /* MDCalendar.m */,
				28E681BC1EADCBE300B9824A /* MDCalendarCell.h */,
				28E681BD1EADCBE300B9824A /* MDCalendarCell.m */,
				28E681BE1EADCBE300B9824A /* MDCalendarDateHeader.h */,
				28E681BF1EADCBE300B9824A /* MDCalendarDateHeader.m */,
				28E681C01EADCBE300B9824A /* MDCalendarHeader.h */,
				28E681C11EADCBE300B9824A /* MDCalendarHeader.m */,
				28E681C21EADCBE300B9824A /* MDCalendarYearSelector.h */,
				28E681C31EADCBE300B9824A /* MDCalendarYearSelector.m */,
				28E681C41EADCBE300B9824A /* MDCalendarYearSelectorViewCell.h */,
				28E681C51EADCBE300B9824A /* MDCalendarYearSelectorViewCell.m */,
				28E681C61EADCBE300B9824A /* MDCircularProgressLayer.h */,
				28E681C71EADCBE300B9824A /* MDCircularProgressLayer.m */,
				28E681C81EADCBE300B9824A /* MDCollectionViewCell.h */,
				28E681C91EADCBE300B9824A /* MDCollectionViewCell.m */,
				28E681CA1EADCBE300B9824A /* MDConstants.h */,
				28E681CB1EADCBE300B9824A /* MDDatePicker.h */,
				28E681CC1EADCBE300B9824A /* MDDatePicker.m */,
				28E681CD1EADCBE300B9824A /* MDDatePickerDialog.h */,
				28E681CE1EADCBE300B9824A /* MDDatePickerDialog.m */,
				28E681CF1EADCBE300B9824A /* MDDeviceHelper.h */,
				28E681D01EADCBE300B9824A /* MDDeviceHelper.m */,
				28E681D11EADCBE300B9824A /* MDLinearProgressLayer.h */,
				28E681D21EADCBE300B9824A /* MDLinearProgressLayer.m */,
				28E681D31EADCBE300B9824A /* MDMathHelper.h */,
				28E681D41EADCBE300B9824A /* MDMathHelper.m */,
				28E681D51EADCBE300B9824A /* MDProgress.h */,
				28E681D61EADCBE300B9824A /* MDProgress.m */,
				28E681D71EADCBE300B9824A /* MDProgressLayer.h */,
				28E681D81EADCBE300B9824A /* MDProgressLayer.m */,
				28E681D91EADCBE300B9824A /* MDRippleLayer.h */,
				28E681DA1EADCBE300B9824A /* MDRippleLayer.m */,
				28E681DB1EADCBE300B9824A /* MDSlider.h */,
				28E681DC1EADCBE300B9824A /* MDSlider.m */,
				28E681DD1EADCBE300B9824A /* MDSliderIcon.h */,
				28E681DE1EADCBE300B9824A /* MDSliderIcon.m */,
				28E681DF1EADCBE300B9824A /* MDSliderThumbView.h */,
				28E681E01EADCBE300B9824A /* MDSliderThumbView.m */,
				28E681E11EADCBE300B9824A /* MDSliderTickMarksView.h */,
				28E681E21EADCBE300B9824A /* MDSliderTickMarksView.m */,
				28E681E31EADCBE300B9824A /* MDSnackbar.h */,
				28E681E41EADCBE300B9824A /* MDSnackbar.m */,
				28E681E51EADCBE300B9824A /* MDSuggestPopupView.h */,
				28E681E61EADCBE300B9824A /* MDSuggestPopupView.m */,
				28E681E71EADCBE300B9824A /* MDSuggestTableView.h */,
				28E681E81EADCBE300B9824A /* MDSuggestTableView.m */,
				28E681E91EADCBE300B9824A /* MDSwitch.h */,
				28E681EA1EADCBE300B9824A /* MDSwitch.m */,
				28E681EB1EADCBE300B9824A /* MDTabBar.h */,
				28E681EC1EADCBE300B9824A /* MDTabBar.m */,
				28E681ED1EADCBE300B9824A /* MDTabBarViewController.h */,
				28E681EE1EADCBE300B9824A /* MDTabBarViewController.m */,
				28E681EF1EADCBE300B9824A /* MDTableViewCell.h */,
				28E681F01EADCBE300B9824A /* MDTableViewCell.m */,
				28E681F11EADCBE300B9824A /* MDTextField.h */,
				28E681F21EADCBE300B9824A /* MDTextField.m */,
				28E681F31EADCBE300B9824A /* MDTimePickerDialog.h */,
				28E681F41EADCBE300B9824A /* MDTimePickerDialog.m */,
				28E681F51EADCBE300B9824A /* MDToast.h */,
				28E681F61EADCBE300B9824A /* MDToast.m */,
				28E681F71EADCBE300B9824A /* MDTouchGestureRecognizer.h */,
				28E681F81EADCBE300B9824A /* MDTouchGestureRecognizer.m */,
				28E681F91EADCBE300B9824A /* NSCalendarHelper.h */,
				28E681FA1EADCBE300B9824A /* NSCalendarHelper.m */,
				28E681FB1EADCBE300B9824A /* NSDate+MDExtension.h */,
				28E681FC1EADCBE300B9824A /* NSDate+MDExtension.m */,
				28E681FD1EADCBE300B9824A /* NSDateHelper.h */,
				28E681FE1EADCBE300B9824A /* NSDateHelper.m */,
				28E681FF1EADCBE300B9824A /* UIColorHelper.h */,
				28E682001EADCBE300B9824A /* UIColorHelper.m */,
				28E682011EADCBE300B9824A /* UIFontHelper.h */,
				28E682021EADCBE300B9824A /* UIFontHelper.m */,
				28E682031EADCBE300B9824A /* UIView+MDExtension.h */,
				28E682041EADCBE300B9824A /* UIView+MDExtension.m */,
				28E682051EADCBE300B9824A /* UIViewHelper.h */,
				28E682061EADCBE300B9824A /* UIViewHelper.m */,
			);
			name = "Material Control";
			sourceTree = "<group>";
		};
/* End PBXGroup section */

/* Begin PBXNativeTarget section */
		169577F01E8A975F00EAC913 /* DeerfieldTour */ = {
			isa = PBXNativeTarget;
			buildConfigurationList = 169578081E8A975F00EAC913 /* Build configuration list for PBXNativeTarget "DeerfieldTour" */;
			buildPhases = (
				169577ED1E8A975F00EAC913 /* Sources */,
				169577EE1E8A975F00EAC913 /* Frameworks */,
				169577EF1E8A975F00EAC913 /* Resources */,
			);
			buildRules = (
			);
			dependencies = (
			);
			name = DeerfieldTour;
			productName = DeerfieldTour;
			productReference = 169577F11E8A975F00EAC913 /* DeerfieldTour.app */;
			productType = "com.apple.product-type.application";
		};
/* End PBXNativeTarget section */

/* Begin PBXProject section */
		169577E91E8A975F00EAC913 /* Project object */ = {
			isa = PBXProject;
			attributes = {
				LastUpgradeCheck = 0820;
				ORGANIZATIONNAME = smcavoy19;
				TargetAttributes = {
					169577F01E8A975F00EAC913 = {
						CreatedOnToolsVersion = 8.2.1;
						DevelopmentTeam = 8NZ8K5GNH8;
						ProvisioningStyle = Automatic;
					};
				};
			};
			buildConfigurationList = 169577EC1E8A975F00EAC913 /* Build configuration list for PBXProject "DeerfieldTour" */;
			compatibilityVersion = "Xcode 3.2";
			developmentRegion = English;
			hasScannedForEncodings = 0;
			knownRegions = (
				en,
				Base,
			);
			mainGroup = 169577E81E8A975F00EAC913;
			productRefGroup = 169577F21E8A975F00EAC913 /* Products */;
			projectDirPath = "";
			projectRoot = "";
			targets = (
				169577F01E8A975F00EAC913 /* DeerfieldTour */,
			);
		};
/* End PBXProject section */

/* Begin PBXResourcesBuildPhase section */
		169577EF1E8A975F00EAC913 /* Resources */ = {
			isa = PBXResourcesBuildPhase;
			buildActionMask = 2147483647;
			files = (
				28F076FB1E92754A00B7B7B4 /* Map-Pin.png in Resources */,
				282049631E8BE7A9007F6719 /* building_coordinates.plist in Resources */,
				282049641E8BE7A9007F6719 /* boundaries.plist in Resources */,
				28233D521E8E84600060BAD9 /* info.png in Resources */,
				28233D501E8E83C70060BAD9 /* close.png in Resources */,
				28E682331EADCE9F00B9824A /* Media.xcassets in Resources */,
				16C51F3E1EA1BFD100EF3913 /* building_summaries.plist in Resources */,
				2828AE841EADA89800F071EA /* up.png in Resources */,
				28233D541E8E86C90060BAD9 /* campus.png in Resources */,
				282049751E8BE88A007F6719 /* campus_image.png in Resources */,
				1631E8751EAD92200018AAED /* Athletic Fields.png in Resources */,
				169578041E8A975F00EAC913 /* LaunchScreen.storyboard in Resources */,
				167592881EA79282008EE831 /* Athletic Center.png in Resources */,
				167592821EA64577008EE831 /* Main School Building.png in Resources */,
				1631E8781EAD92A60018AAED /* Arms Building.png in Resources */,
				1631E87A1EAD92E80018AAED /* The Boyden Library.png in Resources */,
				287D6AC41E8DE65F00A42BE4 /* map.png in Resources */,
				169578011E8A975F00EAC913 /* Assets.xcassets in Resources */,
				169577FF1E8A975F00EAC913 /* Main.storyboard in Resources */,
				280539D61E93ECE000F0A18D /* map copy.png in Resources */,
				1675928C1EA797EF008EE831 /* Dining Hall.png in Resources */,
				2828AE831EADA89800F071EA /* down.png in Resources */,
				167592861EA6477C008EE831 /* Hess Center for the Arts.png in Resources */,
				161C81A21E8E839A008F9AE2 /* route_points.plist in Resources */,
				28C63C5F1EADE6DD00C54B00 /* tour_icon.png in Resources */,
				167592841EA645FE008EE831 /* The Koch Center.png in Resources */,
			);
			runOnlyForDeploymentPostprocessing = 0;
		};
/* End PBXResourcesBuildPhase section */

/* Begin PBXSourcesBuildPhase section */
		169577ED1E8A975F00EAC913 /* Sources */ = {
			isa = PBXSourcesBuildPhase;
			buildActionMask = 2147483647;
			files = (
				28E6821A1EADCBE300B9824A /* MDRippleLayer.m in Sources */,
				28E682081EADCBE300B9824A /* MaterialControls.m in Sources */,
				28E6821C1EADCBE300B9824A /* MDSliderIcon.m in Sources */,
				28E682211EADCBE300B9824A /* MDSuggestTableView.m in Sources */,
				169577FC1E8A975F00EAC913 /* ViewController.m in Sources */,
				28E6820F1EADCBE300B9824A /* MDCalendarYearSelector.m in Sources */,
				28E6822A1EADCBE300B9824A /* NSCalendarHelper.m in Sources */,
				28E6820B1EADCBE300B9824A /* MDCalendar.m in Sources */,
				28E6821D1EADCBE300B9824A /* MDSliderThumbView.m in Sources */,
				161C81A51E8E8628008F9AE2 /* MapRoute.m in Sources */,
				169577F91E8A975F00EAC913 /* AppDelegate.m in Sources */,
				28E682201EADCBE300B9824A /* MDSuggestPopupView.m in Sources */,
				28E682171EADCBE300B9824A /* MDMathHelper.m in Sources */,
				28E682271EADCBE300B9824A /* MDTimePickerDialog.m in Sources */,
				28E6821E1EADCBE300B9824A /* MDSliderTickMarksView.m in Sources */,
				28E682101EADCBE300B9824A /* MDCalendarYearSelectorViewCell.m in Sources */,
				281D7AA41E8C99FB008EF7E4 /* MapOverlay.m in Sources */,
				28CB15E21E8CB21400513304 /* Campus.m in Sources */,
				28E682301EADCBE300B9824A /* UIViewHelper.m in Sources */,
				28E682221EADCBE300B9824A /* MDSwitch.m in Sources */,
				28E6821B1EADCBE300B9824A /* MDSlider.m in Sources */,
				169577F61E8A975F00EAC913 /* main.m in Sources */,
				28E682191EADCBE300B9824A /* MDProgressLayer.m in Sources */,
				28E6822D1EADCBE300B9824A /* UIColorHelper.m in Sources */,
				28E682111EADCBE300B9824A /* MDCircularProgressLayer.m in Sources */,
				28E682151EADCBE300B9824A /* MDDeviceHelper.m in Sources */,
				28E6822B1EADCBE300B9824A /* NSDate+MDExtension.m in Sources */,
				28E682181EADCBE300B9824A /* MDProgress.m in Sources */,
				282049671E8BE7DC007F6719 /* MapOverlayView.m in Sources */,
				28E682231EADCBE300B9824A /* MDTabBar.m in Sources */,
				28E682141EADCBE300B9824A /* MDDatePickerDialog.m in Sources */,
				28E682091EADCBE300B9824A /* MDBubbleLabel.m in Sources */,
				280539DC1E93EE0800F0A18D /* BuildingAnnotation.m in Sources */,
				28E682251EADCBE300B9824A /* MDTableViewCell.m in Sources */,
				28E682161EADCBE300B9824A /* MDLinearProgressLayer.m in Sources */,
				28E6820A1EADCBE300B9824A /* MDButton.m in Sources */,
				28E682281EADCBE300B9824A /* MDToast.m in Sources */,
				28C63C621EADE95900C54B00 /* PolylineRender.m in Sources */,
				28CC1A531EA0763700290DD2 /* PQ.m in Sources */,
				28E6820E1EADCBE300B9824A /* MDCalendarHeader.m in Sources */,
				28E6822E1EADCBE300B9824A /* UIFontHelper.m in Sources */,
				28E682121EADCBE300B9824A /* MDCollectionViewCell.m in Sources */,
				28E6822F1EADCBE300B9824A /* UIView+MDExtension.m in Sources */,
				28E682291EADCBE300B9824A /* MDTouchGestureRecognizer.m in Sources */,
				28CC1A561EA0772A00290DD2 /* Vertex.m in Sources */,
				28E6822C1EADCBE300B9824A /* NSDateHelper.m in Sources */,
				28E6821F1EADCBE300B9824A /* MDSnackbar.m in Sources */,
				28E682261EADCBE300B9824A /* MDTextField.m in Sources */,
				28E682241EADCBE300B9824A /* MDTabBarViewController.m in Sources */,
				28E6820D1EADCBE300B9824A /* MDCalendarDateHeader.m in Sources */,
				28CC1A521EA0763700290DD2 /* Heap.m in Sources */,
				16C51F3C1EA0FEBB00EF3913 /* DescriptionViewController.m in Sources */,
				28CC1A511EA0763700290DD2 /* Graph.m in Sources */,
				28E682071EADCBE300B9824A /* AutoResizeTextView.m in Sources */,
				28E6820C1EADCBE300B9824A /* MDCalendarCell.m in Sources */,
				280539DB1E93EE0800F0A18D /* BuildingAnnotationView.m in Sources */,
				28E682131EADCBE300B9824A /* MDDatePicker.m in Sources */,
			);
			runOnlyForDeploymentPostprocessing = 0;
		};
/* End PBXSourcesBuildPhase section */

/* Begin PBXVariantGroup section */
		169577FD1E8A975F00EAC913 /* Main.storyboard */ = {
			isa = PBXVariantGroup;
			children = (
				169577FE1E8A975F00EAC913 /* Base */,
			);
			name = Main.storyboard;
			sourceTree = "<group>";
		};
		169578021E8A975F00EAC913 /* LaunchScreen.storyboard */ = {
			isa = PBXVariantGroup;
			children = (
				169578031E8A975F00EAC913 /* Base */,
			);
			name = LaunchScreen.storyboard;
			sourceTree = "<group>";
		};
/* End PBXVariantGroup section */

/* Begin XCBuildConfiguration section */
		169578061E8A975F00EAC913 /* Debug */ = {
			isa = XCBuildConfiguration;
			buildSettings = {
				ALWAYS_SEARCH_USER_PATHS = NO;
				CLANG_ANALYZER_NONNULL = YES;
				CLANG_CXX_LANGUAGE_STANDARD = "gnu++0x";
				CLANG_CXX_LIBRARY = "libc++";
				CLANG_ENABLE_MODULES = YES;
				CLANG_ENABLE_OBJC_ARC = YES;
				CLANG_WARN_BOOL_CONVERSION = YES;
				CLANG_WARN_CONSTANT_CONVERSION = YES;
				CLANG_WARN_DIRECT_OBJC_ISA_USAGE = YES_ERROR;
				CLANG_WARN_DOCUMENTATION_COMMENTS = YES;
				CLANG_WARN_EMPTY_BODY = YES;
				CLANG_WARN_ENUM_CONVERSION = YES;
				CLANG_WARN_INFINITE_RECURSION = YES;
				CLANG_WARN_INT_CONVERSION = YES;
				CLANG_WARN_OBJC_ROOT_CLASS = YES_ERROR;
				CLANG_WARN_SUSPICIOUS_MOVE = YES;
				CLANG_WARN_UNREACHABLE_CODE = YES;
				CLANG_WARN__DUPLICATE_METHOD_MATCH = YES;
				"CODE_SIGN_IDENTITY[sdk=iphoneos*]" = "iPhone Developer";
				COPY_PHASE_STRIP = NO;
				DEBUG_INFORMATION_FORMAT = dwarf;
				ENABLE_STRICT_OBJC_MSGSEND = YES;
				ENABLE_TESTABILITY = YES;
				GCC_C_LANGUAGE_STANDARD = gnu99;
				GCC_DYNAMIC_NO_PIC = NO;
				GCC_NO_COMMON_BLOCKS = YES;
				GCC_OPTIMIZATION_LEVEL = 0;
				GCC_PREPROCESSOR_DEFINITIONS = (
					"DEBUG=1",
					"$(inherited)",
				);
				GCC_WARN_64_TO_32_BIT_CONVERSION = YES;
				GCC_WARN_ABOUT_RETURN_TYPE = YES_ERROR;
				GCC_WARN_UNDECLARED_SELECTOR = YES;
				GCC_WARN_UNINITIALIZED_AUTOS = YES_AGGRESSIVE;
				GCC_WARN_UNUSED_FUNCTION = YES;
				GCC_WARN_UNUSED_VARIABLE = YES;
				IPHONEOS_DEPLOYMENT_TARGET = 10.2;
				MTL_ENABLE_DEBUG_INFO = YES;
				ONLY_ACTIVE_ARCH = YES;
				SDKROOT = iphoneos;
			};
			name = Debug;
		};
		169578071E8A975F00EAC913 /* Release */ = {
			isa = XCBuildConfiguration;
			buildSettings = {
				ALWAYS_SEARCH_USER_PATHS = NO;
				CLANG_ANALYZER_NONNULL = YES;
				CLANG_CXX_LANGUAGE_STANDARD = "gnu++0x";
				CLANG_CXX_LIBRARY = "libc++";
				CLANG_ENABLE_MODULES = YES;
				CLANG_ENABLE_OBJC_ARC = YES;
				CLANG_WARN_BOOL_CONVERSION = YES;
				CLANG_WARN_CONSTANT_CONVERSION = YES;
				CLANG_WARN_DIRECT_OBJC_ISA_USAGE = YES_ERROR;
				CLANG_WARN_DOCUMENTATION_COMMENTS = YES;
				CLANG_WARN_EMPTY_BODY = YES;
				CLANG_WARN_ENUM_CONVERSION = YES;
				CLANG_WARN_INFINITE_RECURSION = YES;
				CLANG_WARN_INT_CONVERSION = YES;
				CLANG_WARN_OBJC_ROOT_CLASS = YES_ERROR;
				CLANG_WARN_SUSPICIOUS_MOVE = YES;
				CLANG_WARN_UNREACHABLE_CODE = YES;
				CLANG_WARN__DUPLICATE_METHOD_MATCH = YES;
				"CODE_SIGN_IDENTITY[sdk=iphoneos*]" = "iPhone Developer";
				COPY_PHASE_STRIP = NO;
				DEBUG_INFORMATION_FORMAT = "dwarf-with-dsym";
				ENABLE_NS_ASSERTIONS = NO;
				ENABLE_STRICT_OBJC_MSGSEND = YES;
				GCC_C_LANGUAGE_STANDARD = gnu99;
				GCC_NO_COMMON_BLOCKS = YES;
				GCC_WARN_64_TO_32_BIT_CONVERSION = YES;
				GCC_WARN_ABOUT_RETURN_TYPE = YES_ERROR;
				GCC_WARN_UNDECLARED_SELECTOR = YES;
				GCC_WARN_UNINITIALIZED_AUTOS = YES_AGGRESSIVE;
				GCC_WARN_UNUSED_FUNCTION = YES;
				GCC_WARN_UNUSED_VARIABLE = YES;
				IPHONEOS_DEPLOYMENT_TARGET = 10.2;
				MTL_ENABLE_DEBUG_INFO = NO;
				SDKROOT = iphoneos;
				VALIDATE_PRODUCT = YES;
			};
			name = Release;
		};
		169578091E8A975F00EAC913 /* Debug */ = {
			isa = XCBuildConfiguration;
			buildSettings = {
				ASSETCATALOG_COMPILER_APPICON_NAME = AppIcon;
				DEVELOPMENT_TEAM = 8NZ8K5GNH8;
				INFOPLIST_FILE = DeerfieldTour/Info.plist;
				IPHONEOS_DEPLOYMENT_TARGET = 10.0;
				LD_RUNPATH_SEARCH_PATHS = "$(inherited) @executable_path/Frameworks";
				PRODUCT_BUNDLE_IDENTIFIER = com.DeerfieldTour;
				PRODUCT_NAME = "$(TARGET_NAME)";
			};
			name = Debug;
		};
		1695780A1E8A975F00EAC913 /* Release */ = {
			isa = XCBuildConfiguration;
			buildSettings = {
				ASSETCATALOG_COMPILER_APPICON_NAME = AppIcon;
				DEVELOPMENT_TEAM = 8NZ8K5GNH8;
				INFOPLIST_FILE = DeerfieldTour/Info.plist;
				IPHONEOS_DEPLOYMENT_TARGET = 10.0;
				LD_RUNPATH_SEARCH_PATHS = "$(inherited) @executable_path/Frameworks";
				PRODUCT_BUNDLE_IDENTIFIER = com.DeerfieldTour;
				PRODUCT_NAME = "$(TARGET_NAME)";
			};
			name = Release;
		};
/* End XCBuildConfiguration section */

/* Begin XCConfigurationList section */
		169577EC1E8A975F00EAC913 /* Build configuration list for PBXProject "DeerfieldTour" */ = {
			isa = XCConfigurationList;
			buildConfigurations = (
				169578061E8A975F00EAC913 /* Debug */,
				169578071E8A975F00EAC913 /* Release */,
			);
			defaultConfigurationIsVisible = 0;
			defaultConfigurationName = Release;
		};
		169578081E8A975F00EAC913 /* Build configuration list for PBXNativeTarget "DeerfieldTour" */ = {
			isa = XCConfigurationList;
			buildConfigurations = (
				169578091E8A975F00EAC913 /* Debug */,
				1695780A1E8A975F00EAC913 /* Release */,
			);
			defaultConfigurationIsVisible = 0;
			defaultConfigurationName = Release;
		};
/* End XCConfigurationList section */
	};
	rootObject = 169577E91E8A975F00EAC913 /* Project object */;
}
